
Microsoft Visual Studio Solution File, Format Version 12.00
# Visual Studio 15
VisualStudioVersion = 15.0.27130.2010
MinimumVisualStudioVersion = 10.0.40219.1
Project("{FAE04EC0-301F-11D3-BF4B-00C04F79EFBC}") = "AIDA64Portable", "Helper for third party apps\AIDA64Portable\AIDA64Portable.csproj", "{01658947-437D-4741-B229-576C1F0F5E4B}"
EndProject
Project("{FAE04EC0-301F-11D3-BF4B-00C04F79EFBC}") = "CCleanerPortable", "Helper for third party apps\CCleanerPortable\CCleanerPortable.csproj", "{3DA532CD-8357-4CFD-BB5E-241EC28371DD}"
EndProject
Project("{FAE04EC0-301F-11D3-BF4B-00C04F79EFBC}") = "CCleanerUpdater", "Helper for third party apps\CCleanerUpdater\CCleanerUpdater.csproj", "{0D721C2E-ADE6-44D1-A60C-5BC3FF9DAFEB}"
EndProject
Project("{FAE04EC0-301F-11D3-BF4B-00C04F79EFBC}") = "CDBurnerXP64Portable", "Helper for third party apps\CDBurnerXPPortable\CDBurnerXP64Portable.csproj", "{CB69843F-C7BC-46C9-BD3B-4E9F727E2D23}"
EndProject
Project("{FAE04EC0-301F-11D3-BF4B-00C04F79EFBC}") = "CDBurnerXPPortable", "Helper for third party apps\CDBurnerXPPortable\CDBurnerXPPortable.csproj", "{38B0153A-C99B-4561-9395-5E0B4B3EED1F}"
EndProject
Project("{FAE04EC0-301F-11D3-BF4B-00C04F79EFBC}") = "CDBurnerXP64Updater", "Helper for third party apps\CDBurnerXPUpdater\CDBurnerXP64Updater.csproj", "{5FD0291A-1DA8-4876-8A4C-865C50852505}"
EndProject
Project("{FAE04EC0-301F-11D3-BF4B-00C04F79EFBC}") = "CDBurnerXPUpdater", "Helper for third party apps\CDBurnerXPUpdater\CDBurnerXPUpdater.csproj", "{A12C1CAC-8FD4-44D5-9A5D-BD111EDEEF11}"
EndProject
Project("{FAE04EC0-301F-11D3-BF4B-00C04F79EFBC}") = "CheatEngine64Portable", "Helper for third party apps\CheatEnginePortable\CheatEngine64Portable.csproj", "{7F209756-71BF-4B67-AC63-C727533FF487}"
EndProject
Project("{FAE04EC0-301F-11D3-BF4B-00C04F79EFBC}") = "CheatEnginePortable", "Helper for third party apps\CheatEnginePortable\CheatEnginePortable.csproj", "{F8863510-5C0F-41FB-B6CA-AAB7B9C067DC}"
EndProject
Project("{FAE04EC0-301F-11D3-BF4B-00C04F79EFBC}") = "CheatEngineUpdater", "Helper for third party apps\CheatEngineUpdater\CheatEngineUpdater.csproj", "{CF61D989-0BB2-4E26-81D8-F9F9F85FA0E7}"
EndProject
Project("{FAE04EC0-301F-11D3-BF4B-00C04F79EFBC}") = "Cinebench64Portable", "Helper for third party apps\Cinebench64Portable\Cinebench64Portable.csproj", "{33316DF5-867A-489F-8DB9-81A0C98A0940}"
EndProject
Project("{FAE04EC0-301F-11D3-BF4B-00C04F79EFBC}") = "Cinebench64Updater", "Helper for third party apps\Cinebench64Updater\Cinebench64Updater.csproj", "{C452E016-BB1E-4524-9048-54E39DF94C03}"
EndProject
Project("{FAE04EC0-301F-11D3-BF4B-00C04F79EFBC}") = "DefragglerPortable", "Helper for third party apps\DefragglerPortable\DefragglerPortable.csproj", "{C1006709-35EE-4136-B4B7-06E1842227DC}"
EndProject
Project("{FAE04EC0-301F-11D3-BF4B-00C04F79EFBC}") = "DefragglerUpdater", "Helper for third party apps\DefragglerUpdater\DefragglerUpdater.csproj", "{A7D49AF6-583E-4720-BCAF-951869400CEC}"
EndProject
Project("{FAE04EC0-301F-11D3-BF4B-00C04F79EFBC}") = "DiscordPortable", "Helper for third party apps\DiscordPortable\DiscordPortable.csproj", "{613A9181-E474-40D0-A983-DDF5679207C5}"
EndProject
Project("{FAE04EC0-301F-11D3-BF4B-00C04F79EFBC}") = "FFactoryLegacyPortable", "Helper for third party apps\FormatFactoryPortable\FFactoryLegacyPortable.csproj", "{BF06EB8A-6FA3-46BB-963F-6C13575D2878}"
EndProject
Project("{FAE04EC0-301F-11D3-BF4B-00C04F79EFBC}") = "FFactoryPortable", "Helper for third party apps\FormatFactoryPortable\FFactoryPortable.csproj", "{684F4EBA-25C9-4AC7-95F0-CE84798BA394}"
EndProject
Project("{FAE04EC0-301F-11D3-BF4B-00C04F79EFBC}") = "Fraps64Portable", "Helper for third party apps\FrapsPortable\Fraps64Portable.csproj", "{97E580D9-ED3D-4A75-92FC-DEC78118994F}"
EndProject
Project("{FAE04EC0-301F-11D3-BF4B-00C04F79EFBC}") = "FrapsPortable", "Helper for third party apps\FrapsPortable\FrapsPortable.csproj", "{CC735ED2-502C-4A36-8B7F-A282D603CC51}"
EndProject
Project("{FAE04EC0-301F-11D3-BF4B-00C04F79EFBC}") = "FurMarkPortable", "Helper for third party apps\FurMarkPortable\FurMarkPortable.csproj", "{572C6923-A09F-4D18-A4D7-A42E9B5E0740}"
EndProject
Project("{FAE04EC0-301F-11D3-BF4B-00C04F79EFBC}") = "FurMarkUpdater", "Helper for third party apps\FurMarkUpdater\FurMarkUpdater.csproj", "{7E66A9F0-8A3F-4B22-A03C-B6CCCAFBA8CF}"
EndProject
Project("{FAE04EC0-301F-11D3-BF4B-00C04F79EFBC}") = "GyazoPortable", "Helper for third party apps\GyazoPortable\GyazoPortable.csproj", "{89F64DA2-7851-4FC2-9E1C-4A4E394A174F}"
EndProject
Project("{FAE04EC0-301F-11D3-BF4B-00C04F79EFBC}") = "GyazoUpdater", "Helper for third party apps\GyazoUpdater\GyazoUpdater.csproj", "{C8CE13F6-045C-4E77-85DC-7D0736F293C9}"
EndProject
Project("{FAE04EC0-301F-11D3-BF4B-00C04F79EFBC}") = "HeidiSQLPortable", "Helper for third party apps\HeidiSQLPortable\HeidiSQLPortable.csproj", "{CACFF86B-681D-4A0F-A230-BB733D91D2F6}"
EndProject
Project("{FAE04EC0-301F-11D3-BF4B-00C04F79EFBC}") = "HeidiSQLUpdater", "Helper for third party apps\HeidiSQLUpdater\HeidiSQLUpdater.csproj", "{812DFEE0-2F13-43EE-9F50-FCBA9C9AF5A1}"
EndProject
Project("{FAE04EC0-301F-11D3-BF4B-00C04F79EFBC}") = "HexEditorMXPortable", "Helper for third party apps\HexEditorMXPortable\HexEditorMXPortable.csproj", "{866FCC19-5932-4A20-828A-B0A77787DD2A}"
EndProject
Project("{FAE04EC0-301F-11D3-BF4B-00C04F79EFBC}") = "HLSWPortable", "Helper for third party apps\HLSWPortable\HLSWPortable.csproj", "{54C700CB-29C2-49C5-BEF5-0494FA08186C}"
EndProject
Project("{FAE04EC0-301F-11D3-BF4B-00C04F79EFBC}") = "HWMonitorPortable", "Helper for third party apps\HWMonitorPortable\HWMonitorPortable.csproj", "{FFF280FA-FD7B-4967-8E37-F16152401DF5}"
EndProject
Project("{FAE04EC0-301F-11D3-BF4B-00C04F79EFBC}") = "HWMonitorTray", "Helper for third party apps\HWMonitorTray\HWMonitorTray.csproj", "{0190F6BF-2116-425A-B934-06ED3DDBDDE3}"
EndProject
Project("{FAE04EC0-301F-11D3-BF4B-00C04F79EFBC}") = "HWMonitorUpdater", "Helper for third party apps\HWMonitorUpdater\HWMonitorUpdater.csproj", "{3EA9EB5F-9B5F-4BC1-AFEB-D7286730DED6}"
EndProject
Project("{FAE04EC0-301F-11D3-BF4B-00C04F79EFBC}") = "JDownloader2Portable", "Helper for third party apps\JDownloader2Portable\JDownloader2Portable.csproj", "{390C72DD-1F51-42C3-8E6A-8F08E314E22D}"
EndProject
Project("{FAE04EC0-301F-11D3-BF4B-00C04F79EFBC}") = "LMMS64Portable", "Helper for third party apps\LMMSPortable\LMMS64Portable.csproj", "{7245D4F9-BCE5-46FC-9B98-254E0C46B957}"
EndProject
Project("{FAE04EC0-301F-11D3-BF4B-00C04F79EFBC}") = "LMMSPortable", "Helper for third party apps\LMMSPortable\LMMSPortable.csproj", "{A7D3F447-D5DB-4D57-8A22-FE7A05374F2F}"
EndProject
Project("{FAE04EC0-301F-11D3-BF4B-00C04F79EFBC}") = "LMMS64Updater", "Helper for third party apps\LMMSUpdater\LMMS64Updater.csproj", "{A4C181A7-98BB-4AEB-8367-592EC13E3AD6}"
EndProject
Project("{FAE04EC0-301F-11D3-BF4B-00C04F79EFBC}") = "LMMSUpdater", "Helper for third party apps\LMMSUpdater\LMMSUpdater.csproj", "{212D4CA7-D7AB-4CB7-BEA3-F392F20E9FFC}"
EndProject
Project("{FAE04EC0-301F-11D3-BF4B-00C04F79EFBC}") = "MpTrimPortable", "Helper for third party apps\MpTrimPortable\MpTrimPortable.csproj", "{B2C9C163-D918-42D8-8424-19CCF0C54B78}"
EndProject
Project("{FAE04EC0-301F-11D3-BF4B-00C04F79EFBC}") = "NTLite64Portable", "Helper for third party apps\NTLitePortable\NTLite64Portable.csproj", "{BABF5536-FFDC-4FA1-B20B-9FFE0DCED78E}"
EndProject
Project("{FAE04EC0-301F-11D3-BF4B-00C04F79EFBC}") = "NTLitePortable", "Helper for third party apps\NTLitePortable\NTLitePortable.csproj", "{EFE8B9BA-CCDB-483C-AE26-CC3C8F758F3F}"
EndProject
Project("{FAE04EC0-301F-11D3-BF4B-00C04F79EFBC}") = "NTLite64Updater", "Helper for third party apps\NTLiteUpdater\NTLite64Updater.csproj", "{D81AED42-74D5-4ED4-8E3E-47C65A4054A1}"
EndProject
Project("{FAE04EC0-301F-11D3-BF4B-00C04F79EFBC}") = "NTLiteUpdater", "Helper for third party apps\NTLiteUpdater\NTLiteUpdater.csproj", "{322160D5-277F-46CA-955B-BE59C7E7708C}"
EndProject
Project("{FAE04EC0-301F-11D3-BF4B-00C04F79EFBC}") = "OBSStudio64Portable", "Helper for third party apps\OBSStudioPortable\OBSStudio64Portable.csproj", "{CF2855A4-79F8-4C6F-A9BC-3987CF2E174B}"
EndProject
Project("{FAE04EC0-301F-11D3-BF4B-00C04F79EFBC}") = "OBSStudioPortable", "Helper for third party apps\OBSStudioPortable\OBSStudioPortable.csproj", "{2C4B5E3A-EC6E-4BBC-92AE-2D05553F2441}"
EndProject
Project("{FAE04EC0-301F-11D3-BF4B-00C04F79EFBC}") = "OriginPortable", "Helper for third party apps\OriginPortable\OriginPortable.csproj", "{9632FF16-B2F7-4AD5-81C6-4BE9145660CA}"
EndProject
Project("{FAE04EC0-301F-11D3-BF4B-00C04F79EFBC}") = "OriginPortable64", "Helper for third party apps\OriginPortable\OriginPortable64.csproj", "{A1C7AD1A-0168-494C-8B08-AFB39DA76AF9}"
EndProject
Project("{FAE04EC0-301F-11D3-BF4B-00C04F79EFBC}") = "PHPPortable", "Helper for third party apps\PHPPortable\PHPPortable.csproj", "{EAA8FA19-8482-431B-A54B-B4DD813CC42B}"
EndProject
Project("{FAE04EC0-301F-11D3-BF4B-00C04F79EFBC}") = "Prime95LegacyPortable", "Helper for third party apps\Prime95Portable\Prime95LegacyPortable.csproj", "{9559A23F-BACE-453E-BE4D-D3CF58A11E09}"
EndProject
Project("{FAE04EC0-301F-11D3-BF4B-00C04F79EFBC}") = "Prime95Portable", "Helper for third party apps\Prime95Portable\Prime95Portable.csproj", "{F34CC4EE-04D0-45EF-A3F9-7A65FB7E7157}"
EndProject
Project("{FAE04EC0-301F-11D3-BF4B-00C04F79EFBC}") = "Prime95Updater", "Helper for third party apps\Prime95Updater\Prime95Updater.csproj", "{7129D9FF-9ACB-47D4-9F17-CE4C0C9409A7}"
EndProject
Project("{FAE04EC0-301F-11D3-BF4B-00C04F79EFBC}") = "Prime9564Updater", "Helper for third party apps\Prime95Updater\Prime9564Updater.csproj", "{20C92FD2-E67D-4224-B593-8D9D728FADA8}"
EndProject
Project("{FAE04EC0-301F-11D3-BF4B-00C04F79EFBC}") = "RecuvaPortable", "Helper for third party apps\RecuvaPortable\RecuvaPortable.csproj", "{57201C92-0E51-402E-A4C9-3DE53BCF7C44}"
EndProject
Project("{FAE04EC0-301F-11D3-BF4B-00C04F79EFBC}") = "RecuvaUpdater", "Helper for third party apps\RecuvaUpdater\RecuvaUpdater.csproj", "{89F382A4-CE27-45E2-917E-0010D683E8AA}"
EndProject
Project("{FAE04EC0-301F-11D3-BF4B-00C04F79EFBC}") = "ResourceHackerPortable", "Helper for third party apps\ResourceHackerPortable\ResourceHackerPortable.csproj", "{F3153235-13BB-48FD-ACE8-8A6EBA87F698}"
EndProject
Project("{FAE04EC0-301F-11D3-BF4B-00C04F79EFBC}") = "ResourceHackerUpdater", "Helper for third party apps\ResourceHackerUpdater\ResourceHackerUpdater.csproj", "{7A50F306-1508-47AF-9C40-D70683A73309}"
EndProject
Project("{FAE04EC0-301F-11D3-BF4B-00C04F79EFBC}") = "SharpKeysPortable", "Helper for third party apps\SharpKeysPortable\SharpKeysPortable.csproj", "{659E6866-6871-44C6-8CD9-0E27ED70B3DA}"
EndProject
Project("{FAE04EC0-301F-11D3-BF4B-00C04F79EFBC}") = "SpeccyPortable", "Helper for third party apps\SpeccyPortable\SpeccyPortable.csproj", "{8C37ADFC-13B9-40D8-81A3-051A0E3916E8}"
EndProject
Project("{FAE04EC0-301F-11D3-BF4B-00C04F79EFBC}") = "SpeccyUpdater", "Helper for third party apps\SpeccyUpdater\SpeccyUpdater.csproj", "{F066901E-E377-4273-96FE-B3866A00BFE1}"
EndProject
Project("{FAE04EC0-301F-11D3-BF4B-00C04F79EFBC}") = "SteamPortable", "Helper for third party apps\SteamPortable\SteamPortable.csproj", "{75CF4EB2-BD32-45BE-BFC4-7E9D24A05DA7}"
EndProject
Project("{FAE04EC0-301F-11D3-BF4B-00C04F79EFBC}") = "SteamPortable64", "Helper for third party apps\SteamPortable\SteamPortable64.csproj", "{607C98DD-2AC7-49F2-A18D-1789F97D65AC}"
EndProject
Project("{FAE04EC0-301F-11D3-BF4B-00C04F79EFBC}") = "TeamViewerPortable", "Helper for third party apps\TeamViewerPortable\TeamViewerPortable.csproj", "{B3BF9E79-11D2-49D7-A380-FC9B26BED993}"
EndProject
Project("{FAE04EC0-301F-11D3-BF4B-00C04F79EFBC}") = "TeamViewerUpdater", "Helper for third party apps\TeamViewerUpdater\TeamViewerUpdater.csproj", "{7B189260-CADE-4AAB-8620-1B17658D3ECA}"
EndProject
Project("{FAE04EC0-301F-11D3-BF4B-00C04F79EFBC}") = "TS3Client64Portable", "Helper for third party apps\TS3ClientPortable\TS3Client64Portable.csproj", "{9ADFDA16-8296-4B45-BDE5-FE1AF536A066}"
EndProject
Project("{FAE04EC0-301F-11D3-BF4B-00C04F79EFBC}") = "TS3ClientPortable", "Helper for third party apps\TS3ClientPortable\TS3ClientPortable.csproj", "{3C0EC4E0-BE6E-4F48-B6ED-98E465B2AB67}"
EndProject
Project("{FAE04EC0-301F-11D3-BF4B-00C04F79EFBC}") = "VLC64Portable", "Helper for third party apps\VLCPortable\VLC64Portable.csproj", "{CD2D62D9-F7FB-4699-BC3F-5AF000419673}"
EndProject
Project("{FAE04EC0-301F-11D3-BF4B-00C04F79EFBC}") = "VLCPortable", "Helper for third party apps\VLCPortable\VLCPortable.csproj", "{6888DE7A-071D-470A-8C13-15CD27F7167B}"
EndProject
Project("{FAE04EC0-301F-11D3-BF4B-00C04F79EFBC}") = "VLC64Updater", "Helper for third party apps\VLCUpdater\VLC64Updater.csproj", "{5827D796-D61C-47B8-992A-D6E45DC5B0DB}"
EndProject
Project("{FAE04EC0-301F-11D3-BF4B-00C04F79EFBC}") = "VLCUpdater", "Helper for third party apps\VLCUpdater\VLCUpdater.csproj", "{AF383E87-B340-4DBC-8878-C926ED2FD588}"
EndProject
Project("{FAE04EC0-301F-11D3-BF4B-00C04F79EFBC}") = "WinampPortable", "Helper for third party apps\WinampPortable\WinampPortable.csproj", "{5F4E4CE4-C7DD-4C0E-A408-1875A07475AC}"
EndProject
Project("{FAE04EC0-301F-11D3-BF4B-00C04F79EFBC}") = "WinRAR64Portable", "Helper for third party apps\WinRARPortable\WinRAR64Portable.csproj", "{B49E8E73-F920-4921-95E3-92B11DD5CB6F}"
EndProject
Project("{FAE04EC0-301F-11D3-BF4B-00C04F79EFBC}") = "WinRARPortable", "Helper for third party apps\WinRARPortable\WinRARPortable.csproj", "{D1EF2DB4-A2D1-4F7D-A1E8-D4156140A15B}"
EndProject
Project("{FAE04EC0-301F-11D3-BF4B-00C04F79EFBC}") = "WinRAR64Updater", "Helper for third party apps\WinRARUpdater\WinRAR64Updater.csproj", "{ACAA5A92-D4AA-4C12-B587-170A4E17D51D}"
EndProject
Project("{FAE04EC0-301F-11D3-BF4B-00C04F79EFBC}") = "WinRARUpdater", "Helper for third party apps\WinRARUpdater\WinRARUpdater.csproj", "{1EC00628-BBE3-4F8C-ADA7-20A5D69C480C}"
EndProject
Project("{FAE04EC0-301F-11D3-BF4B-00C04F79EFBC}") = "YoloMouse64Portable", "Helper for third party apps\YoloMousePortable\YoloMouse64Portable.csproj", "{CBFC6E37-BCD6-416A-B20C-770AEEF87288}"
EndProject
Project("{FAE04EC0-301F-11D3-BF4B-00C04F79EFBC}") = "YoloMousePortable", "Helper for third party apps\YoloMousePortable\YoloMousePortable.csproj", "{438B91E2-630E-4EAB-9C62-457834E768CC}"
EndProject
Project("{FAE04EC0-301F-11D3-BF4B-00C04F79EFBC}") = "YoloMouse64Updater", "Helper for third party apps\YoloMouseUpdater\YoloMouse64Updater.csproj", "{A21C9B82-F596-4989-9561-16C956D59794}"
EndProject
Project("{FAE04EC0-301F-11D3-BF4B-00C04F79EFBC}") = "YoloMouseUpdater", "Helper for third party apps\YoloMouseUpdater\YoloMouseUpdater.csproj", "{9AF45043-D689-460C-B736-D4B194730658}"
EndProject
Project("{FAE04EC0-301F-11D3-BF4B-00C04F79EFBC}") = "ZAPPortable", "Helper for third party apps\ZAPPortable\ZAPPortable.csproj", "{00408AF7-2CD9-4F32-9F8E-9D9DDB265F4B}"
EndProject
Project("{FAE04EC0-301F-11D3-BF4B-00C04F79EFBC}") = "_UniversalLauncher", "Helper for third party apps\_UniversalLauncher\_UniversalLauncher.csproj", "{FB887C82-3AAA-4FA0-8B02-4DE6B922C284}"
EndProject
Project("{FAE04EC0-301F-11D3-BF4B-00C04F79EFBC}") = "_UniversalLauncher64", "Helper for third party apps\_UniversalLauncher\_UniversalLauncher64.csproj", "{C8725C12-E127-4AA1-A576-35E30B4BCCAA}"
EndProject
Project("{FAE04EC0-301F-11D3-BF4B-00C04F79EFBC}") = "WinSCPPortable", "Helper for third party apps\WinSCPPortable\WinSCPPortable.csproj", "{D9F488CB-B4D2-3DDE-D8ED-111F0B279269}"
EndProject
Project("{FAE04EC0-301F-11D3-BF4B-00C04F79EFBC}") = "WinSCPUpdater", "Helper for third party apps\WinSCPUpdater\WinSCPUpdater.csproj", "{F7A03119-77E7-6C23-4409-78F92D2472FA}"
EndProject
Project("{FAE04EC0-301F-11D3-BF4B-00C04F79EFBC}") = "BattleNetPortable", "Helper for third party apps\BattleNetPortable\BattleNetPortable.csproj", "{6C3B4EDC-2988-9108-2E70-DD51C9E4A26F}"
EndProject
Project("{FAE04EC0-301F-11D3-BF4B-00C04F79EFBC}") = "BattleNetPortable64", "Helper for third party apps\BattleNetPortable\BattleNetPortable64.csproj", "{A34E13C1-CC55-E64A-365A-9F667EB449B2}"
EndProject
Project("{FAE04EC0-301F-11D3-BF4B-00C04F79EFBC}") = "CCleanerPortable64", "Helper for third party apps\CCleanerPortable\CCleanerPortable64.csproj", "{51496115-1E04-4F40-BF9B-F48CC65AD588}"
EndProject
Project("{FAE04EC0-301F-11D3-BF4B-00C04F79EFBC}") = "IDAPortable", "Helper for third party apps\IDAPortable\IDAPortable.csproj", "{EC4E60EB-DB59-41FD-B92F-DA9313066CD4}"
EndProject
Project("{FAE04EC0-301F-11D3-BF4B-00C04F79EFBC}") = "IDAPortable64", "Helper for third party apps\IDAPortable\IDAPortable64.csproj", "{092236FA-D796-4D0F-9000-C0AB03398511}"
EndProject
Project("{FAE04EC0-301F-11D3-BF4B-00C04F79EFBC}") = "PhotoshopPortable", "Helper for third party apps\PhotoshopPortable\PhotoshopPortable.csproj", "{08198639-C570-4CCE-81BA-1EB4D9799E51}"
EndProject
Project("{FAE04EC0-301F-11D3-BF4B-00C04F79EFBC}") = "PhotoshopPortable64", "Helper for third party apps\PhotoshopPortable\PhotoshopPortable64.csproj", "{3F1DD993-1EA3-4697-AEAD-AF1B790B6417}"
EndProject
Global
	GlobalSection(SolutionConfigurationPlatforms) = preSolution
		Debug|Any CPU = Debug|Any CPU
		Debug|x64 = Debug|x64
		Debug|x86 = Debug|x86
		Release|Any CPU = Release|Any CPU
		Release|x64 = Release|x64
		Release|x86 = Release|x86
	EndGlobalSection
	GlobalSection(ProjectConfigurationPlatforms) = postSolution
		{01658947-437D-4741-B229-576C1F0F5E4B}.Debug|Any CPU.ActiveCfg = Debug|x86
		{01658947-437D-4741-B229-576C1F0F5E4B}.Debug|x64.ActiveCfg = Debug|x86
		{01658947-437D-4741-B229-576C1F0F5E4B}.Debug|x86.ActiveCfg = Debug|x86
		{01658947-437D-4741-B229-576C1F0F5E4B}.Debug|x86.Build.0 = Debug|x86
		{01658947-437D-4741-B229-576C1F0F5E4B}.Release|Any CPU.ActiveCfg = Release|x86
		{01658947-437D-4741-B229-576C1F0F5E4B}.Release|x64.ActiveCfg = Release|x86
		{01658947-437D-4741-B229-576C1F0F5E4B}.Release|x86.ActiveCfg = Release|x86
		{01658947-437D-4741-B229-576C1F0F5E4B}.Release|x86.Build.0 = Release|x86
		{3DA532CD-8357-4CFD-BB5E-241EC28371DD}.Debug|Any CPU.ActiveCfg = Debug|x86
		{3DA532CD-8357-4CFD-BB5E-241EC28371DD}.Debug|x64.ActiveCfg = Debug|x86
		{3DA532CD-8357-4CFD-BB5E-241EC28371DD}.Debug|x86.ActiveCfg = Debug|x86
		{3DA532CD-8357-4CFD-BB5E-241EC28371DD}.Debug|x86.Build.0 = Debug|x86
		{3DA532CD-8357-4CFD-BB5E-241EC28371DD}.Release|Any CPU.ActiveCfg = Release|x86
		{3DA532CD-8357-4CFD-BB5E-241EC28371DD}.Release|x64.ActiveCfg = Release|x86
		{3DA532CD-8357-4CFD-BB5E-241EC28371DD}.Release|x86.ActiveCfg = Release|x86
		{3DA532CD-8357-4CFD-BB5E-241EC28371DD}.Release|x86.Build.0 = Release|x86
		{0D721C2E-ADE6-44D1-A60C-5BC3FF9DAFEB}.Debug|Any CPU.ActiveCfg = Debug|x86
		{0D721C2E-ADE6-44D1-A60C-5BC3FF9DAFEB}.Debug|x64.ActiveCfg = Debug|x86
		{0D721C2E-ADE6-44D1-A60C-5BC3FF9DAFEB}.Debug|x86.ActiveCfg = Debug|x86
		{0D721C2E-ADE6-44D1-A60C-5BC3FF9DAFEB}.Debug|x86.Build.0 = Debug|x86
		{0D721C2E-ADE6-44D1-A60C-5BC3FF9DAFEB}.Release|Any CPU.ActiveCfg = Release|x86
		{0D721C2E-ADE6-44D1-A60C-5BC3FF9DAFEB}.Release|x64.ActiveCfg = Release|x86
		{0D721C2E-ADE6-44D1-A60C-5BC3FF9DAFEB}.Release|x86.ActiveCfg = Release|x86
		{0D721C2E-ADE6-44D1-A60C-5BC3FF9DAFEB}.Release|x86.Build.0 = Release|x86
		{CB69843F-C7BC-46C9-BD3B-4E9F727E2D23}.Debug|Any CPU.ActiveCfg = Debug|x64
		{CB69843F-C7BC-46C9-BD3B-4E9F727E2D23}.Debug|x64.ActiveCfg = Debug|x64
		{CB69843F-C7BC-46C9-BD3B-4E9F727E2D23}.Debug|x64.Build.0 = Debug|x64
		{CB69843F-C7BC-46C9-BD3B-4E9F727E2D23}.Debug|x86.ActiveCfg = Debug|x64
		{CB69843F-C7BC-46C9-BD3B-4E9F727E2D23}.Release|Any CPU.ActiveCfg = Release|x64
		{CB69843F-C7BC-46C9-BD3B-4E9F727E2D23}.Release|x64.ActiveCfg = Release|x64
		{CB69843F-C7BC-46C9-BD3B-4E9F727E2D23}.Release|x64.Build.0 = Release|x64
		{CB69843F-C7BC-46C9-BD3B-4E9F727E2D23}.Release|x86.ActiveCfg = Release|x64
		{38B0153A-C99B-4561-9395-5E0B4B3EED1F}.Debug|Any CPU.ActiveCfg = Debug|x86
		{38B0153A-C99B-4561-9395-5E0B4B3EED1F}.Debug|x64.ActiveCfg = Debug|x86
		{38B0153A-C99B-4561-9395-5E0B4B3EED1F}.Debug|x86.ActiveCfg = Debug|x86
		{38B0153A-C99B-4561-9395-5E0B4B3EED1F}.Debug|x86.Build.0 = Debug|x86
		{38B0153A-C99B-4561-9395-5E0B4B3EED1F}.Release|Any CPU.ActiveCfg = Release|x86
		{38B0153A-C99B-4561-9395-5E0B4B3EED1F}.Release|x64.ActiveCfg = Release|x86
		{38B0153A-C99B-4561-9395-5E0B4B3EED1F}.Release|x86.ActiveCfg = Release|x86
		{38B0153A-C99B-4561-9395-5E0B4B3EED1F}.Release|x86.Build.0 = Release|x86
		{5FD0291A-1DA8-4876-8A4C-865C50852505}.Debug|Any CPU.ActiveCfg = Debug|x64
		{5FD0291A-1DA8-4876-8A4C-865C50852505}.Debug|x64.ActiveCfg = Debug|x64
		{5FD0291A-1DA8-4876-8A4C-865C50852505}.Debug|x64.Build.0 = Debug|x64
		{5FD0291A-1DA8-4876-8A4C-865C50852505}.Debug|x86.ActiveCfg = Debug|x64
		{5FD0291A-1DA8-4876-8A4C-865C50852505}.Release|Any CPU.ActiveCfg = Release|x64
		{5FD0291A-1DA8-4876-8A4C-865C50852505}.Release|x64.ActiveCfg = Release|x64
		{5FD0291A-1DA8-4876-8A4C-865C50852505}.Release|x64.Build.0 = Release|x64
		{5FD0291A-1DA8-4876-8A4C-865C50852505}.Release|x86.ActiveCfg = Release|x64
		{A12C1CAC-8FD4-44D5-9A5D-BD111EDEEF11}.Debug|Any CPU.ActiveCfg = Debug|x86
		{A12C1CAC-8FD4-44D5-9A5D-BD111EDEEF11}.Debug|x64.ActiveCfg = Debug|x86
		{A12C1CAC-8FD4-44D5-9A5D-BD111EDEEF11}.Debug|x86.ActiveCfg = Debug|x86
		{A12C1CAC-8FD4-44D5-9A5D-BD111EDEEF11}.Debug|x86.Build.0 = Debug|x86
		{A12C1CAC-8FD4-44D5-9A5D-BD111EDEEF11}.Release|Any CPU.ActiveCfg = Release|x86
		{A12C1CAC-8FD4-44D5-9A5D-BD111EDEEF11}.Release|x64.ActiveCfg = Release|x86
		{A12C1CAC-8FD4-44D5-9A5D-BD111EDEEF11}.Release|x86.ActiveCfg = Release|x86
		{A12C1CAC-8FD4-44D5-9A5D-BD111EDEEF11}.Release|x86.Build.0 = Release|x86
		{7F209756-71BF-4B67-AC63-C727533FF487}.Debug|Any CPU.ActiveCfg = Debug|x64
		{7F209756-71BF-4B67-AC63-C727533FF487}.Debug|x64.ActiveCfg = Debug|x64
		{7F209756-71BF-4B67-AC63-C727533FF487}.Debug|x64.Build.0 = Debug|x64
		{7F209756-71BF-4B67-AC63-C727533FF487}.Debug|x86.ActiveCfg = Debug|x64
		{7F209756-71BF-4B67-AC63-C727533FF487}.Release|Any CPU.ActiveCfg = Release|x64
		{7F209756-71BF-4B67-AC63-C727533FF487}.Release|x64.ActiveCfg = Release|x64
		{7F209756-71BF-4B67-AC63-C727533FF487}.Release|x64.Build.0 = Release|x64
		{7F209756-71BF-4B67-AC63-C727533FF487}.Release|x86.ActiveCfg = Release|x64
		{F8863510-5C0F-41FB-B6CA-AAB7B9C067DC}.Debug|Any CPU.ActiveCfg = Debug|x86
		{F8863510-5C0F-41FB-B6CA-AAB7B9C067DC}.Debug|x64.ActiveCfg = Debug|x86
		{F8863510-5C0F-41FB-B6CA-AAB7B9C067DC}.Debug|x86.ActiveCfg = Debug|x86
		{F8863510-5C0F-41FB-B6CA-AAB7B9C067DC}.Debug|x86.Build.0 = Debug|x86
		{F8863510-5C0F-41FB-B6CA-AAB7B9C067DC}.Release|Any CPU.ActiveCfg = Release|x86
		{F8863510-5C0F-41FB-B6CA-AAB7B9C067DC}.Release|x64.ActiveCfg = Release|x86
		{F8863510-5C0F-41FB-B6CA-AAB7B9C067DC}.Release|x86.ActiveCfg = Release|x86
		{F8863510-5C0F-41FB-B6CA-AAB7B9C067DC}.Release|x86.Build.0 = Release|x86
		{CF61D989-0BB2-4E26-81D8-F9F9F85FA0E7}.Debug|Any CPU.ActiveCfg = Debug|x86
		{CF61D989-0BB2-4E26-81D8-F9F9F85FA0E7}.Debug|x64.ActiveCfg = Debug|x86
		{CF61D989-0BB2-4E26-81D8-F9F9F85FA0E7}.Debug|x86.ActiveCfg = Debug|x86
		{CF61D989-0BB2-4E26-81D8-F9F9F85FA0E7}.Debug|x86.Build.0 = Debug|x86
		{CF61D989-0BB2-4E26-81D8-F9F9F85FA0E7}.Release|Any CPU.ActiveCfg = Release|x86
		{CF61D989-0BB2-4E26-81D8-F9F9F85FA0E7}.Release|x64.ActiveCfg = Release|x86
		{CF61D989-0BB2-4E26-81D8-F9F9F85FA0E7}.Release|x86.ActiveCfg = Release|x86
		{CF61D989-0BB2-4E26-81D8-F9F9F85FA0E7}.Release|x86.Build.0 = Release|x86
		{33316DF5-867A-489F-8DB9-81A0C98A0940}.Debug|Any CPU.ActiveCfg = Debug|x64
		{33316DF5-867A-489F-8DB9-81A0C98A0940}.Debug|x64.ActiveCfg = Debug|x64
		{33316DF5-867A-489F-8DB9-81A0C98A0940}.Debug|x64.Build.0 = Debug|x64
		{33316DF5-867A-489F-8DB9-81A0C98A0940}.Debug|x86.ActiveCfg = Debug|x64
		{33316DF5-867A-489F-8DB9-81A0C98A0940}.Release|Any CPU.ActiveCfg = Release|x64
		{33316DF5-867A-489F-8DB9-81A0C98A0940}.Release|x64.ActiveCfg = Release|x64
		{33316DF5-867A-489F-8DB9-81A0C98A0940}.Release|x64.Build.0 = Release|x64
		{33316DF5-867A-489F-8DB9-81A0C98A0940}.Release|x86.ActiveCfg = Release|x64
		{C452E016-BB1E-4524-9048-54E39DF94C03}.Debug|Any CPU.ActiveCfg = Debug|x64
		{C452E016-BB1E-4524-9048-54E39DF94C03}.Debug|x64.ActiveCfg = Debug|x64
		{C452E016-BB1E-4524-9048-54E39DF94C03}.Debug|x64.Build.0 = Debug|x64
		{C452E016-BB1E-4524-9048-54E39DF94C03}.Debug|x86.ActiveCfg = Debug|x64
		{C452E016-BB1E-4524-9048-54E39DF94C03}.Release|Any CPU.ActiveCfg = Release|x64
		{C452E016-BB1E-4524-9048-54E39DF94C03}.Release|x64.ActiveCfg = Release|x64
		{C452E016-BB1E-4524-9048-54E39DF94C03}.Release|x64.Build.0 = Release|x64
		{C452E016-BB1E-4524-9048-54E39DF94C03}.Release|x86.ActiveCfg = Release|x64
		{C1006709-35EE-4136-B4B7-06E1842227DC}.Debug|Any CPU.ActiveCfg = Debug|x86
		{C1006709-35EE-4136-B4B7-06E1842227DC}.Debug|x64.ActiveCfg = Debug|x86
		{C1006709-35EE-4136-B4B7-06E1842227DC}.Debug|x86.ActiveCfg = Debug|x86
		{C1006709-35EE-4136-B4B7-06E1842227DC}.Debug|x86.Build.0 = Debug|x86
		{C1006709-35EE-4136-B4B7-06E1842227DC}.Release|Any CPU.ActiveCfg = Release|x86
		{C1006709-35EE-4136-B4B7-06E1842227DC}.Release|x64.ActiveCfg = Release|x86
		{C1006709-35EE-4136-B4B7-06E1842227DC}.Release|x86.ActiveCfg = Release|x86
		{C1006709-35EE-4136-B4B7-06E1842227DC}.Release|x86.Build.0 = Release|x86
		{A7D49AF6-583E-4720-BCAF-951869400CEC}.Debug|Any CPU.ActiveCfg = Debug|x86
		{A7D49AF6-583E-4720-BCAF-951869400CEC}.Debug|x64.ActiveCfg = Debug|x86
		{A7D49AF6-583E-4720-BCAF-951869400CEC}.Debug|x86.ActiveCfg = Debug|x86
		{A7D49AF6-583E-4720-BCAF-951869400CEC}.Debug|x86.Build.0 = Debug|x86
		{A7D49AF6-583E-4720-BCAF-951869400CEC}.Release|Any CPU.ActiveCfg = Release|x86
		{A7D49AF6-583E-4720-BCAF-951869400CEC}.Release|x64.ActiveCfg = Release|x86
		{A7D49AF6-583E-4720-BCAF-951869400CEC}.Release|x86.ActiveCfg = Release|x86
		{A7D49AF6-583E-4720-BCAF-951869400CEC}.Release|x86.Build.0 = Release|x86
		{613A9181-E474-40D0-A983-DDF5679207C5}.Debug|Any CPU.ActiveCfg = Debug|x86
		{613A9181-E474-40D0-A983-DDF5679207C5}.Debug|x64.ActiveCfg = Debug|x86
		{613A9181-E474-40D0-A983-DDF5679207C5}.Debug|x86.ActiveCfg = Debug|x86
		{613A9181-E474-40D0-A983-DDF5679207C5}.Debug|x86.Build.0 = Debug|x86
		{613A9181-E474-40D0-A983-DDF5679207C5}.Release|Any CPU.ActiveCfg = Release|x86
		{613A9181-E474-40D0-A983-DDF5679207C5}.Release|x64.ActiveCfg = Release|x86
		{613A9181-E474-40D0-A983-DDF5679207C5}.Release|x86.ActiveCfg = Release|x86
		{613A9181-E474-40D0-A983-DDF5679207C5}.Release|x86.Build.0 = Release|x86
		{BF06EB8A-6FA3-46BB-963F-6C13575D2878}.Debug|Any CPU.ActiveCfg = Debug|x86
		{BF06EB8A-6FA3-46BB-963F-6C13575D2878}.Debug|x64.ActiveCfg = Debug|x86
		{BF06EB8A-6FA3-46BB-963F-6C13575D2878}.Debug|x86.ActiveCfg = Debug|x86
		{BF06EB8A-6FA3-46BB-963F-6C13575D2878}.Debug|x86.Build.0 = Debug|x86
		{BF06EB8A-6FA3-46BB-963F-6C13575D2878}.Release|Any CPU.ActiveCfg = Release|x86
		{BF06EB8A-6FA3-46BB-963F-6C13575D2878}.Release|x64.ActiveCfg = Release|x86
		{BF06EB8A-6FA3-46BB-963F-6C13575D2878}.Release|x86.ActiveCfg = Release|x86
		{BF06EB8A-6FA3-46BB-963F-6C13575D2878}.Release|x86.Build.0 = Release|x86
		{684F4EBA-25C9-4AC7-95F0-CE84798BA394}.Debug|Any CPU.ActiveCfg = Debug|x86
		{684F4EBA-25C9-4AC7-95F0-CE84798BA394}.Debug|x64.ActiveCfg = Debug|x86
		{684F4EBA-25C9-4AC7-95F0-CE84798BA394}.Debug|x86.ActiveCfg = Debug|x86
		{684F4EBA-25C9-4AC7-95F0-CE84798BA394}.Debug|x86.Build.0 = Debug|x86
		{684F4EBA-25C9-4AC7-95F0-CE84798BA394}.Release|Any CPU.ActiveCfg = Release|x86
		{684F4EBA-25C9-4AC7-95F0-CE84798BA394}.Release|x64.ActiveCfg = Release|x86
		{684F4EBA-25C9-4AC7-95F0-CE84798BA394}.Release|x86.ActiveCfg = Release|x86
		{684F4EBA-25C9-4AC7-95F0-CE84798BA394}.Release|x86.Build.0 = Release|x86
		{97E580D9-ED3D-4A75-92FC-DEC78118994F}.Debug|Any CPU.ActiveCfg = Debug|x64
		{97E580D9-ED3D-4A75-92FC-DEC78118994F}.Debug|x64.ActiveCfg = Debug|x64
		{97E580D9-ED3D-4A75-92FC-DEC78118994F}.Debug|x64.Build.0 = Debug|x64
		{97E580D9-ED3D-4A75-92FC-DEC78118994F}.Debug|x86.ActiveCfg = Debug|x64
		{97E580D9-ED3D-4A75-92FC-DEC78118994F}.Release|Any CPU.ActiveCfg = Release|x64
		{97E580D9-ED3D-4A75-92FC-DEC78118994F}.Release|x64.ActiveCfg = Release|x64
		{97E580D9-ED3D-4A75-92FC-DEC78118994F}.Release|x64.Build.0 = Release|x64
		{97E580D9-ED3D-4A75-92FC-DEC78118994F}.Release|x86.ActiveCfg = Release|x64
		{CC735ED2-502C-4A36-8B7F-A282D603CC51}.Debug|Any CPU.ActiveCfg = Debug|x86
		{CC735ED2-502C-4A36-8B7F-A282D603CC51}.Debug|x64.ActiveCfg = Debug|x86
		{CC735ED2-502C-4A36-8B7F-A282D603CC51}.Debug|x86.ActiveCfg = Debug|x86
		{CC735ED2-502C-4A36-8B7F-A282D603CC51}.Debug|x86.Build.0 = Debug|x86
		{CC735ED2-502C-4A36-8B7F-A282D603CC51}.Release|Any CPU.ActiveCfg = Release|x86
		{CC735ED2-502C-4A36-8B7F-A282D603CC51}.Release|x64.ActiveCfg = Release|x86
		{CC735ED2-502C-4A36-8B7F-A282D603CC51}.Release|x86.ActiveCfg = Release|x86
		{CC735ED2-502C-4A36-8B7F-A282D603CC51}.Release|x86.Build.0 = Release|x86
		{572C6923-A09F-4D18-A4D7-A42E9B5E0740}.Debug|Any CPU.ActiveCfg = Debug|x86
		{572C6923-A09F-4D18-A4D7-A42E9B5E0740}.Debug|x64.ActiveCfg = Debug|x86
		{572C6923-A09F-4D18-A4D7-A42E9B5E0740}.Debug|x86.ActiveCfg = Debug|x86
		{572C6923-A09F-4D18-A4D7-A42E9B5E0740}.Debug|x86.Build.0 = Debug|x86
		{572C6923-A09F-4D18-A4D7-A42E9B5E0740}.Release|Any CPU.ActiveCfg = Release|x86
		{572C6923-A09F-4D18-A4D7-A42E9B5E0740}.Release|x64.ActiveCfg = Release|x86
		{572C6923-A09F-4D18-A4D7-A42E9B5E0740}.Release|x86.ActiveCfg = Release|x86
		{572C6923-A09F-4D18-A4D7-A42E9B5E0740}.Release|x86.Build.0 = Release|x86
		{7E66A9F0-8A3F-4B22-A03C-B6CCCAFBA8CF}.Debug|Any CPU.ActiveCfg = Debug|x86
		{7E66A9F0-8A3F-4B22-A03C-B6CCCAFBA8CF}.Debug|x64.ActiveCfg = Debug|x86
		{7E66A9F0-8A3F-4B22-A03C-B6CCCAFBA8CF}.Debug|x86.ActiveCfg = Debug|x86
		{7E66A9F0-8A3F-4B22-A03C-B6CCCAFBA8CF}.Debug|x86.Build.0 = Debug|x86
		{7E66A9F0-8A3F-4B22-A03C-B6CCCAFBA8CF}.Release|Any CPU.ActiveCfg = Release|x86
		{7E66A9F0-8A3F-4B22-A03C-B6CCCAFBA8CF}.Release|x64.ActiveCfg = Release|x86
		{7E66A9F0-8A3F-4B22-A03C-B6CCCAFBA8CF}.Release|x86.ActiveCfg = Release|x86
		{7E66A9F0-8A3F-4B22-A03C-B6CCCAFBA8CF}.Release|x86.Build.0 = Release|x86
		{89F64DA2-7851-4FC2-9E1C-4A4E394A174F}.Debug|Any CPU.ActiveCfg = Debug|x86
		{89F64DA2-7851-4FC2-9E1C-4A4E394A174F}.Debug|x64.ActiveCfg = Debug|x86
		{89F64DA2-7851-4FC2-9E1C-4A4E394A174F}.Debug|x86.ActiveCfg = Debug|x86
		{89F64DA2-7851-4FC2-9E1C-4A4E394A174F}.Debug|x86.Build.0 = Debug|x86
		{89F64DA2-7851-4FC2-9E1C-4A4E394A174F}.Release|Any CPU.ActiveCfg = Release|x86
		{89F64DA2-7851-4FC2-9E1C-4A4E394A174F}.Release|x64.ActiveCfg = Release|x86
		{89F64DA2-7851-4FC2-9E1C-4A4E394A174F}.Release|x86.ActiveCfg = Release|x86
		{89F64DA2-7851-4FC2-9E1C-4A4E394A174F}.Release|x86.Build.0 = Release|x86
		{C8CE13F6-045C-4E77-85DC-7D0736F293C9}.Debug|Any CPU.ActiveCfg = Debug|x86
		{C8CE13F6-045C-4E77-85DC-7D0736F293C9}.Debug|x64.ActiveCfg = Debug|x86
		{C8CE13F6-045C-4E77-85DC-7D0736F293C9}.Debug|x86.ActiveCfg = Debug|x86
		{C8CE13F6-045C-4E77-85DC-7D0736F293C9}.Debug|x86.Build.0 = Debug|x86
		{C8CE13F6-045C-4E77-85DC-7D0736F293C9}.Release|Any CPU.ActiveCfg = Release|x86
		{C8CE13F6-045C-4E77-85DC-7D0736F293C9}.Release|x64.ActiveCfg = Release|x86
		{C8CE13F6-045C-4E77-85DC-7D0736F293C9}.Release|x86.ActiveCfg = Release|x86
		{C8CE13F6-045C-4E77-85DC-7D0736F293C9}.Release|x86.Build.0 = Release|x86
		{CACFF86B-681D-4A0F-A230-BB733D91D2F6}.Debug|Any CPU.ActiveCfg = Debug|x86
		{CACFF86B-681D-4A0F-A230-BB733D91D2F6}.Debug|x64.ActiveCfg = Debug|x86
		{CACFF86B-681D-4A0F-A230-BB733D91D2F6}.Debug|x86.ActiveCfg = Debug|x86
		{CACFF86B-681D-4A0F-A230-BB733D91D2F6}.Debug|x86.Build.0 = Debug|x86
		{CACFF86B-681D-4A0F-A230-BB733D91D2F6}.Release|Any CPU.ActiveCfg = Release|x86
		{CACFF86B-681D-4A0F-A230-BB733D91D2F6}.Release|x64.ActiveCfg = Release|x86
		{CACFF86B-681D-4A0F-A230-BB733D91D2F6}.Release|x86.ActiveCfg = Release|x86
		{CACFF86B-681D-4A0F-A230-BB733D91D2F6}.Release|x86.Build.0 = Release|x86
		{812DFEE0-2F13-43EE-9F50-FCBA9C9AF5A1}.Debug|Any CPU.ActiveCfg = Debug|x86
		{812DFEE0-2F13-43EE-9F50-FCBA9C9AF5A1}.Debug|x64.ActiveCfg = Debug|x86
		{812DFEE0-2F13-43EE-9F50-FCBA9C9AF5A1}.Debug|x86.ActiveCfg = Debug|x86
		{812DFEE0-2F13-43EE-9F50-FCBA9C9AF5A1}.Debug|x86.Build.0 = Debug|x86
		{812DFEE0-2F13-43EE-9F50-FCBA9C9AF5A1}.Release|Any CPU.ActiveCfg = Release|x86
		{812DFEE0-2F13-43EE-9F50-FCBA9C9AF5A1}.Release|x64.ActiveCfg = Release|x86
		{812DFEE0-2F13-43EE-9F50-FCBA9C9AF5A1}.Release|x86.ActiveCfg = Release|x86
		{812DFEE0-2F13-43EE-9F50-FCBA9C9AF5A1}.Release|x86.Build.0 = Release|x86
		{866FCC19-5932-4A20-828A-B0A77787DD2A}.Debug|Any CPU.ActiveCfg = Debug|x86
		{866FCC19-5932-4A20-828A-B0A77787DD2A}.Debug|x64.ActiveCfg = Debug|x86
		{866FCC19-5932-4A20-828A-B0A77787DD2A}.Debug|x86.ActiveCfg = Debug|x86
		{866FCC19-5932-4A20-828A-B0A77787DD2A}.Debug|x86.Build.0 = Debug|x86
		{866FCC19-5932-4A20-828A-B0A77787DD2A}.Release|Any CPU.ActiveCfg = Release|x86
		{866FCC19-5932-4A20-828A-B0A77787DD2A}.Release|x64.ActiveCfg = Release|x86
		{866FCC19-5932-4A20-828A-B0A77787DD2A}.Release|x86.ActiveCfg = Release|x86
		{866FCC19-5932-4A20-828A-B0A77787DD2A}.Release|x86.Build.0 = Release|x86
		{54C700CB-29C2-49C5-BEF5-0494FA08186C}.Debug|Any CPU.ActiveCfg = Debug|x86
		{54C700CB-29C2-49C5-BEF5-0494FA08186C}.Debug|x64.ActiveCfg = Debug|x86
		{54C700CB-29C2-49C5-BEF5-0494FA08186C}.Debug|x86.ActiveCfg = Debug|x86
		{54C700CB-29C2-49C5-BEF5-0494FA08186C}.Debug|x86.Build.0 = Debug|x86
		{54C700CB-29C2-49C5-BEF5-0494FA08186C}.Release|Any CPU.ActiveCfg = Release|x86
		{54C700CB-29C2-49C5-BEF5-0494FA08186C}.Release|x64.ActiveCfg = Release|x86
		{54C700CB-29C2-49C5-BEF5-0494FA08186C}.Release|x86.ActiveCfg = Release|x86
		{54C700CB-29C2-49C5-BEF5-0494FA08186C}.Release|x86.Build.0 = Release|x86
		{FFF280FA-FD7B-4967-8E37-F16152401DF5}.Debug|Any CPU.ActiveCfg = Debug|x86
		{FFF280FA-FD7B-4967-8E37-F16152401DF5}.Debug|x64.ActiveCfg = Debug|x86
		{FFF280FA-FD7B-4967-8E37-F16152401DF5}.Debug|x86.ActiveCfg = Debug|x86
		{FFF280FA-FD7B-4967-8E37-F16152401DF5}.Debug|x86.Build.0 = Debug|x86
		{FFF280FA-FD7B-4967-8E37-F16152401DF5}.Release|Any CPU.ActiveCfg = Release|x86
		{FFF280FA-FD7B-4967-8E37-F16152401DF5}.Release|x64.ActiveCfg = Release|x86
		{FFF280FA-FD7B-4967-8E37-F16152401DF5}.Release|x86.ActiveCfg = Release|x86
		{FFF280FA-FD7B-4967-8E37-F16152401DF5}.Release|x86.Build.0 = Release|x86
		{0190F6BF-2116-425A-B934-06ED3DDBDDE3}.Debug|Any CPU.ActiveCfg = Debug|Any CPU
		{0190F6BF-2116-425A-B934-06ED3DDBDDE3}.Debug|x64.ActiveCfg = Debug|Any CPU
		{0190F6BF-2116-425A-B934-06ED3DDBDDE3}.Debug|x64.Build.0 = Debug|Any CPU
		{0190F6BF-2116-425A-B934-06ED3DDBDDE3}.Debug|x86.ActiveCfg = Debug|Any CPU
		{0190F6BF-2116-425A-B934-06ED3DDBDDE3}.Debug|x86.Build.0 = Debug|Any CPU
		{0190F6BF-2116-425A-B934-06ED3DDBDDE3}.Release|Any CPU.ActiveCfg = Release|Any CPU
		{0190F6BF-2116-425A-B934-06ED3DDBDDE3}.Release|x64.ActiveCfg = Release|Any CPU
		{0190F6BF-2116-425A-B934-06ED3DDBDDE3}.Release|x64.Build.0 = Release|Any CPU
		{0190F6BF-2116-425A-B934-06ED3DDBDDE3}.Release|x86.ActiveCfg = Release|Any CPU
		{0190F6BF-2116-425A-B934-06ED3DDBDDE3}.Release|x86.Build.0 = Release|Any CPU
		{3EA9EB5F-9B5F-4BC1-AFEB-D7286730DED6}.Debug|Any CPU.ActiveCfg = Debug|x86
		{3EA9EB5F-9B5F-4BC1-AFEB-D7286730DED6}.Debug|x64.ActiveCfg = Debug|x86
		{3EA9EB5F-9B5F-4BC1-AFEB-D7286730DED6}.Debug|x86.ActiveCfg = Debug|x86
		{3EA9EB5F-9B5F-4BC1-AFEB-D7286730DED6}.Debug|x86.Build.0 = Debug|x86
		{3EA9EB5F-9B5F-4BC1-AFEB-D7286730DED6}.Release|Any CPU.ActiveCfg = Release|x86
		{3EA9EB5F-9B5F-4BC1-AFEB-D7286730DED6}.Release|x64.ActiveCfg = Release|x86
		{3EA9EB5F-9B5F-4BC1-AFEB-D7286730DED6}.Release|x86.ActiveCfg = Release|x86
		{3EA9EB5F-9B5F-4BC1-AFEB-D7286730DED6}.Release|x86.Build.0 = Release|x86
		{390C72DD-1F51-42C3-8E6A-8F08E314E22D}.Debug|Any CPU.ActiveCfg = Debug|x86
		{390C72DD-1F51-42C3-8E6A-8F08E314E22D}.Debug|x64.ActiveCfg = Debug|x86
		{390C72DD-1F51-42C3-8E6A-8F08E314E22D}.Debug|x86.ActiveCfg = Debug|x86
		{390C72DD-1F51-42C3-8E6A-8F08E314E22D}.Debug|x86.Build.0 = Debug|x86
		{390C72DD-1F51-42C3-8E6A-8F08E314E22D}.Release|Any CPU.ActiveCfg = Release|x86
		{390C72DD-1F51-42C3-8E6A-8F08E314E22D}.Release|x64.ActiveCfg = Release|x86
		{390C72DD-1F51-42C3-8E6A-8F08E314E22D}.Release|x86.ActiveCfg = Release|x86
		{390C72DD-1F51-42C3-8E6A-8F08E314E22D}.Release|x86.Build.0 = Release|x86
		{7245D4F9-BCE5-46FC-9B98-254E0C46B957}.Debug|Any CPU.ActiveCfg = Debug|x64
		{7245D4F9-BCE5-46FC-9B98-254E0C46B957}.Debug|x64.ActiveCfg = Debug|x64
		{7245D4F9-BCE5-46FC-9B98-254E0C46B957}.Debug|x64.Build.0 = Debug|x64
		{7245D4F9-BCE5-46FC-9B98-254E0C46B957}.Debug|x86.ActiveCfg = Debug|x64
		{7245D4F9-BCE5-46FC-9B98-254E0C46B957}.Release|Any CPU.ActiveCfg = Release|x64
		{7245D4F9-BCE5-46FC-9B98-254E0C46B957}.Release|x64.ActiveCfg = Release|x64
		{7245D4F9-BCE5-46FC-9B98-254E0C46B957}.Release|x64.Build.0 = Release|x64
		{7245D4F9-BCE5-46FC-9B98-254E0C46B957}.Release|x86.ActiveCfg = Release|x64
		{A7D3F447-D5DB-4D57-8A22-FE7A05374F2F}.Debug|Any CPU.ActiveCfg = Debug|x86
		{A7D3F447-D5DB-4D57-8A22-FE7A05374F2F}.Debug|x64.ActiveCfg = Debug|x86
		{A7D3F447-D5DB-4D57-8A22-FE7A05374F2F}.Debug|x86.ActiveCfg = Debug|x86
		{A7D3F447-D5DB-4D57-8A22-FE7A05374F2F}.Debug|x86.Build.0 = Debug|x86
		{A7D3F447-D5DB-4D57-8A22-FE7A05374F2F}.Release|Any CPU.ActiveCfg = Release|x86
		{A7D3F447-D5DB-4D57-8A22-FE7A05374F2F}.Release|x64.ActiveCfg = Release|x86
		{A7D3F447-D5DB-4D57-8A22-FE7A05374F2F}.Release|x86.ActiveCfg = Release|x86
		{A7D3F447-D5DB-4D57-8A22-FE7A05374F2F}.Release|x86.Build.0 = Release|x86
		{A4C181A7-98BB-4AEB-8367-592EC13E3AD6}.Debug|Any CPU.ActiveCfg = Debug|x64
		{A4C181A7-98BB-4AEB-8367-592EC13E3AD6}.Debug|x64.ActiveCfg = Debug|x64
		{A4C181A7-98BB-4AEB-8367-592EC13E3AD6}.Debug|x64.Build.0 = Debug|x64
		{A4C181A7-98BB-4AEB-8367-592EC13E3AD6}.Debug|x86.ActiveCfg = Debug|x64
		{A4C181A7-98BB-4AEB-8367-592EC13E3AD6}.Release|Any CPU.ActiveCfg = Release|x64
		{A4C181A7-98BB-4AEB-8367-592EC13E3AD6}.Release|x64.ActiveCfg = Release|x64
		{A4C181A7-98BB-4AEB-8367-592EC13E3AD6}.Release|x64.Build.0 = Release|x64
		{A4C181A7-98BB-4AEB-8367-592EC13E3AD6}.Release|x86.ActiveCfg = Release|x64
		{212D4CA7-D7AB-4CB7-BEA3-F392F20E9FFC}.Debug|Any CPU.ActiveCfg = Debug|x86
		{212D4CA7-D7AB-4CB7-BEA3-F392F20E9FFC}.Debug|x64.ActiveCfg = Debug|x86
		{212D4CA7-D7AB-4CB7-BEA3-F392F20E9FFC}.Debug|x86.ActiveCfg = Debug|x86
		{212D4CA7-D7AB-4CB7-BEA3-F392F20E9FFC}.Debug|x86.Build.0 = Debug|x86
		{212D4CA7-D7AB-4CB7-BEA3-F392F20E9FFC}.Release|Any CPU.ActiveCfg = Release|x86
		{212D4CA7-D7AB-4CB7-BEA3-F392F20E9FFC}.Release|x64.ActiveCfg = Release|x86
		{212D4CA7-D7AB-4CB7-BEA3-F392F20E9FFC}.Release|x86.ActiveCfg = Release|x86
		{212D4CA7-D7AB-4CB7-BEA3-F392F20E9FFC}.Release|x86.Build.0 = Release|x86
		{B2C9C163-D918-42D8-8424-19CCF0C54B78}.Debug|Any CPU.ActiveCfg = Debug|x86
		{B2C9C163-D918-42D8-8424-19CCF0C54B78}.Debug|x64.ActiveCfg = Debug|x86
		{B2C9C163-D918-42D8-8424-19CCF0C54B78}.Debug|x86.ActiveCfg = Debug|x86
		{B2C9C163-D918-42D8-8424-19CCF0C54B78}.Debug|x86.Build.0 = Debug|x86
		{B2C9C163-D918-42D8-8424-19CCF0C54B78}.Release|Any CPU.ActiveCfg = Release|x86
		{B2C9C163-D918-42D8-8424-19CCF0C54B78}.Release|x64.ActiveCfg = Release|x86
		{B2C9C163-D918-42D8-8424-19CCF0C54B78}.Release|x86.ActiveCfg = Release|x86
		{B2C9C163-D918-42D8-8424-19CCF0C54B78}.Release|x86.Build.0 = Release|x86
		{BABF5536-FFDC-4FA1-B20B-9FFE0DCED78E}.Debug|Any CPU.ActiveCfg = Debug|x64
		{BABF5536-FFDC-4FA1-B20B-9FFE0DCED78E}.Debug|x64.ActiveCfg = Debug|x64
		{BABF5536-FFDC-4FA1-B20B-9FFE0DCED78E}.Debug|x64.Build.0 = Debug|x64
		{BABF5536-FFDC-4FA1-B20B-9FFE0DCED78E}.Debug|x86.ActiveCfg = Debug|x64
		{BABF5536-FFDC-4FA1-B20B-9FFE0DCED78E}.Release|Any CPU.ActiveCfg = Release|x64
		{BABF5536-FFDC-4FA1-B20B-9FFE0DCED78E}.Release|x64.ActiveCfg = Release|x64
		{BABF5536-FFDC-4FA1-B20B-9FFE0DCED78E}.Release|x64.Build.0 = Release|x64
		{BABF5536-FFDC-4FA1-B20B-9FFE0DCED78E}.Release|x86.ActiveCfg = Release|x64
		{EFE8B9BA-CCDB-483C-AE26-CC3C8F758F3F}.Debug|Any CPU.ActiveCfg = Debug|x86
		{EFE8B9BA-CCDB-483C-AE26-CC3C8F758F3F}.Debug|x64.ActiveCfg = Debug|x86
		{EFE8B9BA-CCDB-483C-AE26-CC3C8F758F3F}.Debug|x86.ActiveCfg = Debug|x86
		{EFE8B9BA-CCDB-483C-AE26-CC3C8F758F3F}.Debug|x86.Build.0 = Debug|x86
		{EFE8B9BA-CCDB-483C-AE26-CC3C8F758F3F}.Release|Any CPU.ActiveCfg = Release|x86
		{EFE8B9BA-CCDB-483C-AE26-CC3C8F758F3F}.Release|x64.ActiveCfg = Release|x86
		{EFE8B9BA-CCDB-483C-AE26-CC3C8F758F3F}.Release|x86.ActiveCfg = Release|x86
		{EFE8B9BA-CCDB-483C-AE26-CC3C8F758F3F}.Release|x86.Build.0 = Release|x86
		{D81AED42-74D5-4ED4-8E3E-47C65A4054A1}.Debug|Any CPU.ActiveCfg = Debug|x64
		{D81AED42-74D5-4ED4-8E3E-47C65A4054A1}.Debug|x64.ActiveCfg = Debug|x64
		{D81AED42-74D5-4ED4-8E3E-47C65A4054A1}.Debug|x64.Build.0 = Debug|x64
		{D81AED42-74D5-4ED4-8E3E-47C65A4054A1}.Debug|x86.ActiveCfg = Debug|x64
		{D81AED42-74D5-4ED4-8E3E-47C65A4054A1}.Release|Any CPU.ActiveCfg = Release|x64
		{D81AED42-74D5-4ED4-8E3E-47C65A4054A1}.Release|x64.ActiveCfg = Release|x64
		{D81AED42-74D5-4ED4-8E3E-47C65A4054A1}.Release|x64.Build.0 = Release|x64
		{D81AED42-74D5-4ED4-8E3E-47C65A4054A1}.Release|x86.ActiveCfg = Release|x64
		{322160D5-277F-46CA-955B-BE59C7E7708C}.Debug|Any CPU.ActiveCfg = Debug|x86
		{322160D5-277F-46CA-955B-BE59C7E7708C}.Debug|x64.ActiveCfg = Debug|x86
		{322160D5-277F-46CA-955B-BE59C7E7708C}.Debug|x86.ActiveCfg = Debug|x86
		{322160D5-277F-46CA-955B-BE59C7E7708C}.Debug|x86.Build.0 = Debug|x86
		{322160D5-277F-46CA-955B-BE59C7E7708C}.Release|Any CPU.ActiveCfg = Release|x86
		{322160D5-277F-46CA-955B-BE59C7E7708C}.Release|x64.ActiveCfg = Release|x86
		{322160D5-277F-46CA-955B-BE59C7E7708C}.Release|x86.ActiveCfg = Release|x86
		{322160D5-277F-46CA-955B-BE59C7E7708C}.Release|x86.Build.0 = Release|x86
		{CF2855A4-79F8-4C6F-A9BC-3987CF2E174B}.Debug|Any CPU.ActiveCfg = Debug|x64
		{CF2855A4-79F8-4C6F-A9BC-3987CF2E174B}.Debug|x64.ActiveCfg = Debug|x64
		{CF2855A4-79F8-4C6F-A9BC-3987CF2E174B}.Debug|x64.Build.0 = Debug|x64
		{CF2855A4-79F8-4C6F-A9BC-3987CF2E174B}.Debug|x86.ActiveCfg = Debug|x64
		{CF2855A4-79F8-4C6F-A9BC-3987CF2E174B}.Release|Any CPU.ActiveCfg = Release|x64
		{CF2855A4-79F8-4C6F-A9BC-3987CF2E174B}.Release|x64.ActiveCfg = Release|x64
		{CF2855A4-79F8-4C6F-A9BC-3987CF2E174B}.Release|x64.Build.0 = Release|x64
		{CF2855A4-79F8-4C6F-A9BC-3987CF2E174B}.Release|x86.ActiveCfg = Release|x64
		{2C4B5E3A-EC6E-4BBC-92AE-2D05553F2441}.Debug|Any CPU.ActiveCfg = Debug|x86
		{2C4B5E3A-EC6E-4BBC-92AE-2D05553F2441}.Debug|x64.ActiveCfg = Debug|x86
		{2C4B5E3A-EC6E-4BBC-92AE-2D05553F2441}.Debug|x86.ActiveCfg = Debug|x86
		{2C4B5E3A-EC6E-4BBC-92AE-2D05553F2441}.Debug|x86.Build.0 = Debug|x86
		{2C4B5E3A-EC6E-4BBC-92AE-2D05553F2441}.Release|Any CPU.ActiveCfg = Release|x86
		{2C4B5E3A-EC6E-4BBC-92AE-2D05553F2441}.Release|x64.ActiveCfg = Release|x86
		{2C4B5E3A-EC6E-4BBC-92AE-2D05553F2441}.Release|x86.ActiveCfg = Release|x86
		{2C4B5E3A-EC6E-4BBC-92AE-2D05553F2441}.Release|x86.Build.0 = Release|x86
		{9632FF16-B2F7-4AD5-81C6-4BE9145660CA}.Debug|Any CPU.ActiveCfg = Debug|x86
		{9632FF16-B2F7-4AD5-81C6-4BE9145660CA}.Debug|x64.ActiveCfg = Debug|x86
		{9632FF16-B2F7-4AD5-81C6-4BE9145660CA}.Debug|x86.ActiveCfg = Debug|x86
		{9632FF16-B2F7-4AD5-81C6-4BE9145660CA}.Debug|x86.Build.0 = Debug|x86
		{9632FF16-B2F7-4AD5-81C6-4BE9145660CA}.Release|Any CPU.ActiveCfg = Release|x86
		{9632FF16-B2F7-4AD5-81C6-4BE9145660CA}.Release|x64.ActiveCfg = Release|x86
		{9632FF16-B2F7-4AD5-81C6-4BE9145660CA}.Release|x86.ActiveCfg = Release|x86
		{9632FF16-B2F7-4AD5-81C6-4BE9145660CA}.Release|x86.Build.0 = Release|x86
		{A1C7AD1A-0168-494C-8B08-AFB39DA76AF9}.Debug|Any CPU.ActiveCfg = Debug|x64
		{A1C7AD1A-0168-494C-8B08-AFB39DA76AF9}.Debug|x64.ActiveCfg = Debug|x64
		{A1C7AD1A-0168-494C-8B08-AFB39DA76AF9}.Debug|x64.Build.0 = Debug|x64
		{A1C7AD1A-0168-494C-8B08-AFB39DA76AF9}.Debug|x86.ActiveCfg = Debug|x64
		{A1C7AD1A-0168-494C-8B08-AFB39DA76AF9}.Release|Any CPU.ActiveCfg = Release|x64
		{A1C7AD1A-0168-494C-8B08-AFB39DA76AF9}.Release|x64.ActiveCfg = Release|x64
		{A1C7AD1A-0168-494C-8B08-AFB39DA76AF9}.Release|x64.Build.0 = Release|x64
		{A1C7AD1A-0168-494C-8B08-AFB39DA76AF9}.Release|x86.ActiveCfg = Release|x64
		{EAA8FA19-8482-431B-A54B-B4DD813CC42B}.Debug|Any CPU.ActiveCfg = Debug|x86
		{EAA8FA19-8482-431B-A54B-B4DD813CC42B}.Debug|x64.ActiveCfg = Debug|x86
		{EAA8FA19-8482-431B-A54B-B4DD813CC42B}.Debug|x86.ActiveCfg = Debug|x86
		{EAA8FA19-8482-431B-A54B-B4DD813CC42B}.Debug|x86.Build.0 = Debug|x86
		{EAA8FA19-8482-431B-A54B-B4DD813CC42B}.Release|Any CPU.ActiveCfg = Release|x86
		{EAA8FA19-8482-431B-A54B-B4DD813CC42B}.Release|x64.ActiveCfg = Release|x86
		{EAA8FA19-8482-431B-A54B-B4DD813CC42B}.Release|x86.ActiveCfg = Release|x86
		{EAA8FA19-8482-431B-A54B-B4DD813CC42B}.Release|x86.Build.0 = Release|x86
		{9559A23F-BACE-453E-BE4D-D3CF58A11E09}.Debug|Any CPU.ActiveCfg = Debug|x86
		{9559A23F-BACE-453E-BE4D-D3CF58A11E09}.Debug|x64.ActiveCfg = Debug|x86
		{9559A23F-BACE-453E-BE4D-D3CF58A11E09}.Debug|x86.ActiveCfg = Debug|x86
		{9559A23F-BACE-453E-BE4D-D3CF58A11E09}.Debug|x86.Build.0 = Debug|x86
		{9559A23F-BACE-453E-BE4D-D3CF58A11E09}.Release|Any CPU.ActiveCfg = Release|x86
		{9559A23F-BACE-453E-BE4D-D3CF58A11E09}.Release|x64.ActiveCfg = Release|x86
		{9559A23F-BACE-453E-BE4D-D3CF58A11E09}.Release|x86.ActiveCfg = Release|x86
		{9559A23F-BACE-453E-BE4D-D3CF58A11E09}.Release|x86.Build.0 = Release|x86
		{F34CC4EE-04D0-45EF-A3F9-7A65FB7E7157}.Debug|Any CPU.ActiveCfg = Debug|x86
		{F34CC4EE-04D0-45EF-A3F9-7A65FB7E7157}.Debug|x64.ActiveCfg = Debug|x86
		{F34CC4EE-04D0-45EF-A3F9-7A65FB7E7157}.Debug|x86.ActiveCfg = Debug|x86
		{F34CC4EE-04D0-45EF-A3F9-7A65FB7E7157}.Debug|x86.Build.0 = Debug|x86
		{F34CC4EE-04D0-45EF-A3F9-7A65FB7E7157}.Release|Any CPU.ActiveCfg = Release|x86
		{F34CC4EE-04D0-45EF-A3F9-7A65FB7E7157}.Release|x64.ActiveCfg = Release|x86
		{F34CC4EE-04D0-45EF-A3F9-7A65FB7E7157}.Release|x86.ActiveCfg = Release|x86
		{F34CC4EE-04D0-45EF-A3F9-7A65FB7E7157}.Release|x86.Build.0 = Release|x86
		{7129D9FF-9ACB-47D4-9F17-CE4C0C9409A7}.Debug|Any CPU.ActiveCfg = Debug|x86
		{7129D9FF-9ACB-47D4-9F17-CE4C0C9409A7}.Debug|x64.ActiveCfg = Debug|x86
		{7129D9FF-9ACB-47D4-9F17-CE4C0C9409A7}.Debug|x86.ActiveCfg = Debug|x86
		{7129D9FF-9ACB-47D4-9F17-CE4C0C9409A7}.Debug|x86.Build.0 = Debug|x86
		{7129D9FF-9ACB-47D4-9F17-CE4C0C9409A7}.Release|Any CPU.ActiveCfg = Release|x86
		{7129D9FF-9ACB-47D4-9F17-CE4C0C9409A7}.Release|x64.ActiveCfg = Release|x86
		{7129D9FF-9ACB-47D4-9F17-CE4C0C9409A7}.Release|x86.ActiveCfg = Release|x86
		{7129D9FF-9ACB-47D4-9F17-CE4C0C9409A7}.Release|x86.Build.0 = Release|x86
		{20C92FD2-E67D-4224-B593-8D9D728FADA8}.Debug|Any CPU.ActiveCfg = Debug|x64
		{20C92FD2-E67D-4224-B593-8D9D728FADA8}.Debug|x64.ActiveCfg = Debug|x64
		{20C92FD2-E67D-4224-B593-8D9D728FADA8}.Debug|x64.Build.0 = Debug|x64
		{20C92FD2-E67D-4224-B593-8D9D728FADA8}.Debug|x86.ActiveCfg = Debug|x64
		{20C92FD2-E67D-4224-B593-8D9D728FADA8}.Release|Any CPU.ActiveCfg = Release|x64
		{20C92FD2-E67D-4224-B593-8D9D728FADA8}.Release|x64.ActiveCfg = Release|x64
		{20C92FD2-E67D-4224-B593-8D9D728FADA8}.Release|x64.Build.0 = Release|x64
		{20C92FD2-E67D-4224-B593-8D9D728FADA8}.Release|x86.ActiveCfg = Release|x64
		{57201C92-0E51-402E-A4C9-3DE53BCF7C44}.Debug|Any CPU.ActiveCfg = Debug|x86
		{57201C92-0E51-402E-A4C9-3DE53BCF7C44}.Debug|x64.ActiveCfg = Debug|x86
		{57201C92-0E51-402E-A4C9-3DE53BCF7C44}.Debug|x86.ActiveCfg = Debug|x86
		{57201C92-0E51-402E-A4C9-3DE53BCF7C44}.Debug|x86.Build.0 = Debug|x86
		{57201C92-0E51-402E-A4C9-3DE53BCF7C44}.Release|Any CPU.ActiveCfg = Release|x86
		{57201C92-0E51-402E-A4C9-3DE53BCF7C44}.Release|x64.ActiveCfg = Release|x86
		{57201C92-0E51-402E-A4C9-3DE53BCF7C44}.Release|x86.ActiveCfg = Release|x86
		{57201C92-0E51-402E-A4C9-3DE53BCF7C44}.Release|x86.Build.0 = Release|x86
		{89F382A4-CE27-45E2-917E-0010D683E8AA}.Debug|Any CPU.ActiveCfg = Debug|x86
		{89F382A4-CE27-45E2-917E-0010D683E8AA}.Debug|x64.ActiveCfg = Debug|x86
		{89F382A4-CE27-45E2-917E-0010D683E8AA}.Debug|x86.ActiveCfg = Debug|x86
		{89F382A4-CE27-45E2-917E-0010D683E8AA}.Debug|x86.Build.0 = Debug|x86
		{89F382A4-CE27-45E2-917E-0010D683E8AA}.Release|Any CPU.ActiveCfg = Release|x86
		{89F382A4-CE27-45E2-917E-0010D683E8AA}.Release|x64.ActiveCfg = Release|x86
		{89F382A4-CE27-45E2-917E-0010D683E8AA}.Release|x86.ActiveCfg = Release|x86
		{89F382A4-CE27-45E2-917E-0010D683E8AA}.Release|x86.Build.0 = Release|x86
		{F3153235-13BB-48FD-ACE8-8A6EBA87F698}.Debug|Any CPU.ActiveCfg = Debug|x86
		{F3153235-13BB-48FD-ACE8-8A6EBA87F698}.Debug|x64.ActiveCfg = Debug|x86
		{F3153235-13BB-48FD-ACE8-8A6EBA87F698}.Debug|x86.ActiveCfg = Debug|x86
		{F3153235-13BB-48FD-ACE8-8A6EBA87F698}.Debug|x86.Build.0 = Debug|x86
		{F3153235-13BB-48FD-ACE8-8A6EBA87F698}.Release|Any CPU.ActiveCfg = Release|x86
		{F3153235-13BB-48FD-ACE8-8A6EBA87F698}.Release|x64.ActiveCfg = Release|x86
		{F3153235-13BB-48FD-ACE8-8A6EBA87F698}.Release|x86.ActiveCfg = Release|x86
		{F3153235-13BB-48FD-ACE8-8A6EBA87F698}.Release|x86.Build.0 = Release|x86
		{7A50F306-1508-47AF-9C40-D70683A73309}.Debug|Any CPU.ActiveCfg = Debug|x86
		{7A50F306-1508-47AF-9C40-D70683A73309}.Debug|x64.ActiveCfg = Debug|x86
		{7A50F306-1508-47AF-9C40-D70683A73309}.Debug|x86.ActiveCfg = Debug|x86
		{7A50F306-1508-47AF-9C40-D70683A73309}.Debug|x86.Build.0 = Debug|x86
		{7A50F306-1508-47AF-9C40-D70683A73309}.Release|Any CPU.ActiveCfg = Release|x86
		{7A50F306-1508-47AF-9C40-D70683A73309}.Release|x64.ActiveCfg = Release|x86
		{7A50F306-1508-47AF-9C40-D70683A73309}.Release|x86.ActiveCfg = Release|x86
		{7A50F306-1508-47AF-9C40-D70683A73309}.Release|x86.Build.0 = Release|x86
		{659E6866-6871-44C6-8CD9-0E27ED70B3DA}.Debug|Any CPU.ActiveCfg = Debug|x86
		{659E6866-6871-44C6-8CD9-0E27ED70B3DA}.Debug|x64.ActiveCfg = Debug|x86
		{659E6866-6871-44C6-8CD9-0E27ED70B3DA}.Debug|x86.ActiveCfg = Debug|x86
		{659E6866-6871-44C6-8CD9-0E27ED70B3DA}.Debug|x86.Build.0 = Debug|x86
		{659E6866-6871-44C6-8CD9-0E27ED70B3DA}.Release|Any CPU.ActiveCfg = Release|x86
		{659E6866-6871-44C6-8CD9-0E27ED70B3DA}.Release|x64.ActiveCfg = Release|x86
		{659E6866-6871-44C6-8CD9-0E27ED70B3DA}.Release|x86.ActiveCfg = Release|x86
		{659E6866-6871-44C6-8CD9-0E27ED70B3DA}.Release|x86.Build.0 = Release|x86
		{8C37ADFC-13B9-40D8-81A3-051A0E3916E8}.Debug|Any CPU.ActiveCfg = Debug|x86
		{8C37ADFC-13B9-40D8-81A3-051A0E3916E8}.Debug|x64.ActiveCfg = Debug|x86
		{8C37ADFC-13B9-40D8-81A3-051A0E3916E8}.Debug|x86.ActiveCfg = Debug|x86
		{8C37ADFC-13B9-40D8-81A3-051A0E3916E8}.Debug|x86.Build.0 = Debug|x86
		{8C37ADFC-13B9-40D8-81A3-051A0E3916E8}.Release|Any CPU.ActiveCfg = Release|x86
		{8C37ADFC-13B9-40D8-81A3-051A0E3916E8}.Release|x64.ActiveCfg = Release|x86
		{8C37ADFC-13B9-40D8-81A3-051A0E3916E8}.Release|x86.ActiveCfg = Release|x86
		{8C37ADFC-13B9-40D8-81A3-051A0E3916E8}.Release|x86.Build.0 = Release|x86
		{F066901E-E377-4273-96FE-B3866A00BFE1}.Debug|Any CPU.ActiveCfg = Debug|x86
		{F066901E-E377-4273-96FE-B3866A00BFE1}.Debug|x64.ActiveCfg = Debug|x86
		{F066901E-E377-4273-96FE-B3866A00BFE1}.Debug|x86.ActiveCfg = Debug|x86
		{F066901E-E377-4273-96FE-B3866A00BFE1}.Debug|x86.Build.0 = Debug|x86
		{F066901E-E377-4273-96FE-B3866A00BFE1}.Release|Any CPU.ActiveCfg = Release|x86
		{F066901E-E377-4273-96FE-B3866A00BFE1}.Release|x64.ActiveCfg = Release|x86
		{F066901E-E377-4273-96FE-B3866A00BFE1}.Release|x86.ActiveCfg = Release|x86
		{F066901E-E377-4273-96FE-B3866A00BFE1}.Release|x86.Build.0 = Release|x86
		{75CF4EB2-BD32-45BE-BFC4-7E9D24A05DA7}.Debug|Any CPU.ActiveCfg = Debug|x86
		{75CF4EB2-BD32-45BE-BFC4-7E9D24A05DA7}.Debug|x64.ActiveCfg = Debug|x86
		{75CF4EB2-BD32-45BE-BFC4-7E9D24A05DA7}.Debug|x86.ActiveCfg = Debug|x86
		{75CF4EB2-BD32-45BE-BFC4-7E9D24A05DA7}.Debug|x86.Build.0 = Debug|x86
		{75CF4EB2-BD32-45BE-BFC4-7E9D24A05DA7}.Release|Any CPU.ActiveCfg = Release|x86
		{75CF4EB2-BD32-45BE-BFC4-7E9D24A05DA7}.Release|x64.ActiveCfg = Release|x86
		{75CF4EB2-BD32-45BE-BFC4-7E9D24A05DA7}.Release|x86.ActiveCfg = Release|x86
		{75CF4EB2-BD32-45BE-BFC4-7E9D24A05DA7}.Release|x86.Build.0 = Release|x86
		{607C98DD-2AC7-49F2-A18D-1789F97D65AC}.Debug|Any CPU.ActiveCfg = Debug|x64
		{607C98DD-2AC7-49F2-A18D-1789F97D65AC}.Debug|x64.ActiveCfg = Debug|x64
		{607C98DD-2AC7-49F2-A18D-1789F97D65AC}.Debug|x64.Build.0 = Debug|x64
		{607C98DD-2AC7-49F2-A18D-1789F97D65AC}.Debug|x86.ActiveCfg = Debug|x64
		{607C98DD-2AC7-49F2-A18D-1789F97D65AC}.Release|Any CPU.ActiveCfg = Release|x64
		{607C98DD-2AC7-49F2-A18D-1789F97D65AC}.Release|x64.ActiveCfg = Release|x64
		{607C98DD-2AC7-49F2-A18D-1789F97D65AC}.Release|x64.Build.0 = Release|x64
		{607C98DD-2AC7-49F2-A18D-1789F97D65AC}.Release|x86.ActiveCfg = Release|x64
		{B3BF9E79-11D2-49D7-A380-FC9B26BED993}.Debug|Any CPU.ActiveCfg = Debug|x86
		{B3BF9E79-11D2-49D7-A380-FC9B26BED993}.Debug|x64.ActiveCfg = Debug|x86
		{B3BF9E79-11D2-49D7-A380-FC9B26BED993}.Debug|x86.ActiveCfg = Debug|x86
		{B3BF9E79-11D2-49D7-A380-FC9B26BED993}.Debug|x86.Build.0 = Debug|x86
		{B3BF9E79-11D2-49D7-A380-FC9B26BED993}.Release|Any CPU.ActiveCfg = Release|x86
		{B3BF9E79-11D2-49D7-A380-FC9B26BED993}.Release|x64.ActiveCfg = Release|x86
		{B3BF9E79-11D2-49D7-A380-FC9B26BED993}.Release|x86.ActiveCfg = Release|x86
		{B3BF9E79-11D2-49D7-A380-FC9B26BED993}.Release|x86.Build.0 = Release|x86
		{7B189260-CADE-4AAB-8620-1B17658D3ECA}.Debug|Any CPU.ActiveCfg = Debug|x86
		{7B189260-CADE-4AAB-8620-1B17658D3ECA}.Debug|x64.ActiveCfg = Debug|x86
		{7B189260-CADE-4AAB-8620-1B17658D3ECA}.Debug|x86.ActiveCfg = Debug|x86
		{7B189260-CADE-4AAB-8620-1B17658D3ECA}.Debug|x86.Build.0 = Debug|x86
		{7B189260-CADE-4AAB-8620-1B17658D3ECA}.Release|Any CPU.ActiveCfg = Release|x86
		{7B189260-CADE-4AAB-8620-1B17658D3ECA}.Release|x64.ActiveCfg = Release|x86
		{7B189260-CADE-4AAB-8620-1B17658D3ECA}.Release|x86.ActiveCfg = Release|x86
		{7B189260-CADE-4AAB-8620-1B17658D3ECA}.Release|x86.Build.0 = Release|x86
		{9ADFDA16-8296-4B45-BDE5-FE1AF536A066}.Debug|Any CPU.ActiveCfg = Debug|x64
		{9ADFDA16-8296-4B45-BDE5-FE1AF536A066}.Debug|x64.ActiveCfg = Debug|x64
		{9ADFDA16-8296-4B45-BDE5-FE1AF536A066}.Debug|x64.Build.0 = Debug|x64
		{9ADFDA16-8296-4B45-BDE5-FE1AF536A066}.Debug|x86.ActiveCfg = Debug|x64
		{9ADFDA16-8296-4B45-BDE5-FE1AF536A066}.Release|Any CPU.ActiveCfg = Release|x64
		{9ADFDA16-8296-4B45-BDE5-FE1AF536A066}.Release|x64.ActiveCfg = Release|x64
		{9ADFDA16-8296-4B45-BDE5-FE1AF536A066}.Release|x64.Build.0 = Release|x64
		{9ADFDA16-8296-4B45-BDE5-FE1AF536A066}.Release|x86.ActiveCfg = Release|x64
		{3C0EC4E0-BE6E-4F48-B6ED-98E465B2AB67}.Debug|Any CPU.ActiveCfg = Debug|x86
		{3C0EC4E0-BE6E-4F48-B6ED-98E465B2AB67}.Debug|x64.ActiveCfg = Debug|x86
		{3C0EC4E0-BE6E-4F48-B6ED-98E465B2AB67}.Debug|x86.ActiveCfg = Debug|x86
		{3C0EC4E0-BE6E-4F48-B6ED-98E465B2AB67}.Debug|x86.Build.0 = Debug|x86
		{3C0EC4E0-BE6E-4F48-B6ED-98E465B2AB67}.Release|Any CPU.ActiveCfg = Release|x86
		{3C0EC4E0-BE6E-4F48-B6ED-98E465B2AB67}.Release|x64.ActiveCfg = Release|x86
		{3C0EC4E0-BE6E-4F48-B6ED-98E465B2AB67}.Release|x86.ActiveCfg = Release|x86
		{3C0EC4E0-BE6E-4F48-B6ED-98E465B2AB67}.Release|x86.Build.0 = Release|x86
		{CD2D62D9-F7FB-4699-BC3F-5AF000419673}.Debug|Any CPU.ActiveCfg = Debug|x64
		{CD2D62D9-F7FB-4699-BC3F-5AF000419673}.Debug|x64.ActiveCfg = Debug|x64
		{CD2D62D9-F7FB-4699-BC3F-5AF000419673}.Debug|x64.Build.0 = Debug|x64
		{CD2D62D9-F7FB-4699-BC3F-5AF000419673}.Debug|x86.ActiveCfg = Debug|x64
		{CD2D62D9-F7FB-4699-BC3F-5AF000419673}.Release|Any CPU.ActiveCfg = Release|x64
		{CD2D62D9-F7FB-4699-BC3F-5AF000419673}.Release|x64.ActiveCfg = Release|x64
		{CD2D62D9-F7FB-4699-BC3F-5AF000419673}.Release|x64.Build.0 = Release|x64
		{CD2D62D9-F7FB-4699-BC3F-5AF000419673}.Release|x86.ActiveCfg = Release|x64
		{6888DE7A-071D-470A-8C13-15CD27F7167B}.Debug|Any CPU.ActiveCfg = Debug|x86
		{6888DE7A-071D-470A-8C13-15CD27F7167B}.Debug|x64.ActiveCfg = Debug|x86
		{6888DE7A-071D-470A-8C13-15CD27F7167B}.Debug|x86.ActiveCfg = Debug|x86
		{6888DE7A-071D-470A-8C13-15CD27F7167B}.Debug|x86.Build.0 = Debug|x86
		{6888DE7A-071D-470A-8C13-15CD27F7167B}.Release|Any CPU.ActiveCfg = Release|x86
		{6888DE7A-071D-470A-8C13-15CD27F7167B}.Release|x64.ActiveCfg = Release|x86
		{6888DE7A-071D-470A-8C13-15CD27F7167B}.Release|x86.ActiveCfg = Release|x86
		{6888DE7A-071D-470A-8C13-15CD27F7167B}.Release|x86.Build.0 = Release|x86
		{5827D796-D61C-47B8-992A-D6E45DC5B0DB}.Debug|Any CPU.ActiveCfg = Debug|x64
		{5827D796-D61C-47B8-992A-D6E45DC5B0DB}.Debug|x64.ActiveCfg = Debug|x64
		{5827D796-D61C-47B8-992A-D6E45DC5B0DB}.Debug|x64.Build.0 = Debug|x64
		{5827D796-D61C-47B8-992A-D6E45DC5B0DB}.Debug|x86.ActiveCfg = Debug|x64
		{5827D796-D61C-47B8-992A-D6E45DC5B0DB}.Release|Any CPU.ActiveCfg = Release|x64
		{5827D796-D61C-47B8-992A-D6E45DC5B0DB}.Release|x64.ActiveCfg = Release|x64
		{5827D796-D61C-47B8-992A-D6E45DC5B0DB}.Release|x64.Build.0 = Release|x64
		{5827D796-D61C-47B8-992A-D6E45DC5B0DB}.Release|x86.ActiveCfg = Release|x64
		{AF383E87-B340-4DBC-8878-C926ED2FD588}.Debug|Any CPU.ActiveCfg = Debug|x86
		{AF383E87-B340-4DBC-8878-C926ED2FD588}.Debug|x64.ActiveCfg = Debug|x86
		{AF383E87-B340-4DBC-8878-C926ED2FD588}.Debug|x86.ActiveCfg = Debug|x86
		{AF383E87-B340-4DBC-8878-C926ED2FD588}.Debug|x86.Build.0 = Debug|x86
		{AF383E87-B340-4DBC-8878-C926ED2FD588}.Release|Any CPU.ActiveCfg = Release|x86
		{AF383E87-B340-4DBC-8878-C926ED2FD588}.Release|x64.ActiveCfg = Release|x86
		{AF383E87-B340-4DBC-8878-C926ED2FD588}.Release|x86.ActiveCfg = Release|x86
		{AF383E87-B340-4DBC-8878-C926ED2FD588}.Release|x86.Build.0 = Release|x86
		{5F4E4CE4-C7DD-4C0E-A408-1875A07475AC}.Debug|Any CPU.ActiveCfg = Debug|x86
		{5F4E4CE4-C7DD-4C0E-A408-1875A07475AC}.Debug|x64.ActiveCfg = Debug|x86
		{5F4E4CE4-C7DD-4C0E-A408-1875A07475AC}.Debug|x86.ActiveCfg = Debug|x86
		{5F4E4CE4-C7DD-4C0E-A408-1875A07475AC}.Debug|x86.Build.0 = Debug|x86
		{5F4E4CE4-C7DD-4C0E-A408-1875A07475AC}.Release|Any CPU.ActiveCfg = Release|x86
		{5F4E4CE4-C7DD-4C0E-A408-1875A07475AC}.Release|x64.ActiveCfg = Release|x86
		{5F4E4CE4-C7DD-4C0E-A408-1875A07475AC}.Release|x86.ActiveCfg = Release|x86
		{5F4E4CE4-C7DD-4C0E-A408-1875A07475AC}.Release|x86.Build.0 = Release|x86
		{B49E8E73-F920-4921-95E3-92B11DD5CB6F}.Debug|Any CPU.ActiveCfg = Debug|x64
		{B49E8E73-F920-4921-95E3-92B11DD5CB6F}.Debug|x64.ActiveCfg = Debug|x64
		{B49E8E73-F920-4921-95E3-92B11DD5CB6F}.Debug|x64.Build.0 = Debug|x64
		{B49E8E73-F920-4921-95E3-92B11DD5CB6F}.Debug|x86.ActiveCfg = Debug|x64
		{B49E8E73-F920-4921-95E3-92B11DD5CB6F}.Release|Any CPU.ActiveCfg = Release|x64
		{B49E8E73-F920-4921-95E3-92B11DD5CB6F}.Release|x64.ActiveCfg = Release|x64
		{B49E8E73-F920-4921-95E3-92B11DD5CB6F}.Release|x64.Build.0 = Release|x64
		{B49E8E73-F920-4921-95E3-92B11DD5CB6F}.Release|x86.ActiveCfg = Release|x64
		{D1EF2DB4-A2D1-4F7D-A1E8-D4156140A15B}.Debug|Any CPU.ActiveCfg = Debug|x86
		{D1EF2DB4-A2D1-4F7D-A1E8-D4156140A15B}.Debug|x64.ActiveCfg = Debug|x86
		{D1EF2DB4-A2D1-4F7D-A1E8-D4156140A15B}.Debug|x86.ActiveCfg = Debug|x86
		{D1EF2DB4-A2D1-4F7D-A1E8-D4156140A15B}.Debug|x86.Build.0 = Debug|x86
		{D1EF2DB4-A2D1-4F7D-A1E8-D4156140A15B}.Release|Any CPU.ActiveCfg = Release|x86
		{D1EF2DB4-A2D1-4F7D-A1E8-D4156140A15B}.Release|x64.ActiveCfg = Release|x86
		{D1EF2DB4-A2D1-4F7D-A1E8-D4156140A15B}.Release|x86.ActiveCfg = Release|x86
		{D1EF2DB4-A2D1-4F7D-A1E8-D4156140A15B}.Release|x86.Build.0 = Release|x86
		{ACAA5A92-D4AA-4C12-B587-170A4E17D51D}.Debug|Any CPU.ActiveCfg = Debug|x64
		{ACAA5A92-D4AA-4C12-B587-170A4E17D51D}.Debug|x64.ActiveCfg = Debug|x64
		{ACAA5A92-D4AA-4C12-B587-170A4E17D51D}.Debug|x64.Build.0 = Debug|x64
		{ACAA5A92-D4AA-4C12-B587-170A4E17D51D}.Debug|x86.ActiveCfg = Debug|x64
		{ACAA5A92-D4AA-4C12-B587-170A4E17D51D}.Release|Any CPU.ActiveCfg = Release|x64
		{ACAA5A92-D4AA-4C12-B587-170A4E17D51D}.Release|x64.ActiveCfg = Release|x64
		{ACAA5A92-D4AA-4C12-B587-170A4E17D51D}.Release|x64.Build.0 = Release|x64
		{ACAA5A92-D4AA-4C12-B587-170A4E17D51D}.Release|x86.ActiveCfg = Release|x64
		{1EC00628-BBE3-4F8C-ADA7-20A5D69C480C}.Debug|Any CPU.ActiveCfg = Debug|x86
		{1EC00628-BBE3-4F8C-ADA7-20A5D69C480C}.Debug|x64.ActiveCfg = Debug|x86
		{1EC00628-BBE3-4F8C-ADA7-20A5D69C480C}.Debug|x86.ActiveCfg = Debug|x86
		{1EC00628-BBE3-4F8C-ADA7-20A5D69C480C}.Debug|x86.Build.0 = Debug|x86
		{1EC00628-BBE3-4F8C-ADA7-20A5D69C480C}.Release|Any CPU.ActiveCfg = Release|x86
		{1EC00628-BBE3-4F8C-ADA7-20A5D69C480C}.Release|x64.ActiveCfg = Release|x86
		{1EC00628-BBE3-4F8C-ADA7-20A5D69C480C}.Release|x86.ActiveCfg = Release|x86
		{1EC00628-BBE3-4F8C-ADA7-20A5D69C480C}.Release|x86.Build.0 = Release|x86
		{CBFC6E37-BCD6-416A-B20C-770AEEF87288}.Debug|Any CPU.ActiveCfg = Debug|x64
		{CBFC6E37-BCD6-416A-B20C-770AEEF87288}.Debug|x64.ActiveCfg = Debug|x64
		{CBFC6E37-BCD6-416A-B20C-770AEEF87288}.Debug|x64.Build.0 = Debug|x64
		{CBFC6E37-BCD6-416A-B20C-770AEEF87288}.Debug|x86.ActiveCfg = Debug|x64
		{CBFC6E37-BCD6-416A-B20C-770AEEF87288}.Release|Any CPU.ActiveCfg = Release|x64
		{CBFC6E37-BCD6-416A-B20C-770AEEF87288}.Release|x64.ActiveCfg = Release|x64
		{CBFC6E37-BCD6-416A-B20C-770AEEF87288}.Release|x64.Build.0 = Release|x64
		{CBFC6E37-BCD6-416A-B20C-770AEEF87288}.Release|x86.ActiveCfg = Release|x64
		{438B91E2-630E-4EAB-9C62-457834E768CC}.Debug|Any CPU.ActiveCfg = Debug|x86
		{438B91E2-630E-4EAB-9C62-457834E768CC}.Debug|x64.ActiveCfg = Debug|x86
		{438B91E2-630E-4EAB-9C62-457834E768CC}.Debug|x86.ActiveCfg = Debug|x86
		{438B91E2-630E-4EAB-9C62-457834E768CC}.Debug|x86.Build.0 = Debug|x86
		{438B91E2-630E-4EAB-9C62-457834E768CC}.Release|Any CPU.ActiveCfg = Release|x86
		{438B91E2-630E-4EAB-9C62-457834E768CC}.Release|x64.ActiveCfg = Release|x86
		{438B91E2-630E-4EAB-9C62-457834E768CC}.Release|x86.ActiveCfg = Release|x86
		{438B91E2-630E-4EAB-9C62-457834E768CC}.Release|x86.Build.0 = Release|x86
		{A21C9B82-F596-4989-9561-16C956D59794}.Debug|Any CPU.ActiveCfg = Debug|x64
		{A21C9B82-F596-4989-9561-16C956D59794}.Debug|x64.ActiveCfg = Debug|x64
		{A21C9B82-F596-4989-9561-16C956D59794}.Debug|x64.Build.0 = Debug|x64
		{A21C9B82-F596-4989-9561-16C956D59794}.Debug|x86.ActiveCfg = Debug|x64
		{A21C9B82-F596-4989-9561-16C956D59794}.Release|Any CPU.ActiveCfg = Release|x64
		{A21C9B82-F596-4989-9561-16C956D59794}.Release|x64.ActiveCfg = Release|x64
		{A21C9B82-F596-4989-9561-16C956D59794}.Release|x64.Build.0 = Release|x64
		{A21C9B82-F596-4989-9561-16C956D59794}.Release|x86.ActiveCfg = Release|x64
		{9AF45043-D689-460C-B736-D4B194730658}.Debug|Any CPU.ActiveCfg = Debug|x86
		{9AF45043-D689-460C-B736-D4B194730658}.Debug|x64.ActiveCfg = Debug|x86
		{9AF45043-D689-460C-B736-D4B194730658}.Debug|x86.ActiveCfg = Debug|x86
		{9AF45043-D689-460C-B736-D4B194730658}.Debug|x86.Build.0 = Debug|x86
		{9AF45043-D689-460C-B736-D4B194730658}.Release|Any CPU.ActiveCfg = Release|x86
		{9AF45043-D689-460C-B736-D4B194730658}.Release|x64.ActiveCfg = Release|x86
		{9AF45043-D689-460C-B736-D4B194730658}.Release|x86.ActiveCfg = Release|x86
		{9AF45043-D689-460C-B736-D4B194730658}.Release|x86.Build.0 = Release|x86
		{00408AF7-2CD9-4F32-9F8E-9D9DDB265F4B}.Debug|Any CPU.ActiveCfg = Debug|x86
		{00408AF7-2CD9-4F32-9F8E-9D9DDB265F4B}.Debug|x64.ActiveCfg = Debug|x86
		{00408AF7-2CD9-4F32-9F8E-9D9DDB265F4B}.Debug|x86.ActiveCfg = Debug|x86
		{00408AF7-2CD9-4F32-9F8E-9D9DDB265F4B}.Debug|x86.Build.0 = Debug|x86
		{00408AF7-2CD9-4F32-9F8E-9D9DDB265F4B}.Release|Any CPU.ActiveCfg = Release|x86
		{00408AF7-2CD9-4F32-9F8E-9D9DDB265F4B}.Release|x64.ActiveCfg = Release|x86
		{00408AF7-2CD9-4F32-9F8E-9D9DDB265F4B}.Release|x86.ActiveCfg = Release|x86
		{00408AF7-2CD9-4F32-9F8E-9D9DDB265F4B}.Release|x86.Build.0 = Release|x86
		{FB887C82-3AAA-4FA0-8B02-4DE6B922C284}.Debug|Any CPU.ActiveCfg = Debug|x86
		{FB887C82-3AAA-4FA0-8B02-4DE6B922C284}.Debug|Any CPU.Build.0 = Debug|x86
		{FB887C82-3AAA-4FA0-8B02-4DE6B922C284}.Debug|x64.ActiveCfg = Debug|x86
		{FB887C82-3AAA-4FA0-8B02-4DE6B922C284}.Debug|x86.ActiveCfg = Debug|x86
		{FB887C82-3AAA-4FA0-8B02-4DE6B922C284}.Debug|x86.Build.0 = Debug|x86
		{FB887C82-3AAA-4FA0-8B02-4DE6B922C284}.Release|Any CPU.ActiveCfg = Release|x86
		{FB887C82-3AAA-4FA0-8B02-4DE6B922C284}.Release|Any CPU.Build.0 = Release|x86
		{FB887C82-3AAA-4FA0-8B02-4DE6B922C284}.Release|x64.ActiveCfg = Release|x86
		{FB887C82-3AAA-4FA0-8B02-4DE6B922C284}.Release|x86.ActiveCfg = Release|x86
		{FB887C82-3AAA-4FA0-8B02-4DE6B922C284}.Release|x86.Build.0 = Release|x86
		{C8725C12-E127-4AA1-A576-35E30B4BCCAA}.Debug|Any CPU.ActiveCfg = Debug|x64
		{C8725C12-E127-4AA1-A576-35E30B4BCCAA}.Debug|Any CPU.Build.0 = Debug|x64
		{C8725C12-E127-4AA1-A576-35E30B4BCCAA}.Debug|x64.ActiveCfg = Debug|x64
		{C8725C12-E127-4AA1-A576-35E30B4BCCAA}.Debug|x64.Build.0 = Debug|x64
		{C8725C12-E127-4AA1-A576-35E30B4BCCAA}.Debug|x86.ActiveCfg = Debug|x64
		{C8725C12-E127-4AA1-A576-35E30B4BCCAA}.Release|Any CPU.ActiveCfg = Release|x64
		{C8725C12-E127-4AA1-A576-35E30B4BCCAA}.Release|Any CPU.Build.0 = Release|x64
		{C8725C12-E127-4AA1-A576-35E30B4BCCAA}.Release|x64.ActiveCfg = Release|x64
		{C8725C12-E127-4AA1-A576-35E30B4BCCAA}.Release|x64.Build.0 = Release|x64
		{C8725C12-E127-4AA1-A576-35E30B4BCCAA}.Release|x86.ActiveCfg = Release|x64
		{D9F488CB-B4D2-3DDE-D8ED-111F0B279269}.Debug|Any CPU.ActiveCfg = Debug|x86
		{D9F488CB-B4D2-3DDE-D8ED-111F0B279269}.Debug|x64.ActiveCfg = Debug|x86
		{D9F488CB-B4D2-3DDE-D8ED-111F0B279269}.Debug|x86.ActiveCfg = Debug|x86
		{D9F488CB-B4D2-3DDE-D8ED-111F0B279269}.Debug|x86.Build.0 = Debug|x86
		{D9F488CB-B4D2-3DDE-D8ED-111F0B279269}.Release|Any CPU.ActiveCfg = Release|x86
		{D9F488CB-B4D2-3DDE-D8ED-111F0B279269}.Release|x64.ActiveCfg = Release|x86
		{D9F488CB-B4D2-3DDE-D8ED-111F0B279269}.Release|x86.ActiveCfg = Release|x86
		{D9F488CB-B4D2-3DDE-D8ED-111F0B279269}.Release|x86.Build.0 = Release|x86
		{F7A03119-77E7-6C23-4409-78F92D2472FA}.Debug|Any CPU.ActiveCfg = Debug|x86
		{F7A03119-77E7-6C23-4409-78F92D2472FA}.Debug|x64.ActiveCfg = Debug|x86
		{F7A03119-77E7-6C23-4409-78F92D2472FA}.Debug|x86.ActiveCfg = Debug|x86
		{F7A03119-77E7-6C23-4409-78F92D2472FA}.Debug|x86.Build.0 = Debug|x86
		{F7A03119-77E7-6C23-4409-78F92D2472FA}.Release|Any CPU.ActiveCfg = Release|x86
		{F7A03119-77E7-6C23-4409-78F92D2472FA}.Release|x64.ActiveCfg = Release|x86
		{F7A03119-77E7-6C23-4409-78F92D2472FA}.Release|x86.ActiveCfg = Release|x86
		{F7A03119-77E7-6C23-4409-78F92D2472FA}.Release|x86.Build.0 = Release|x86
		{6C3B4EDC-2988-9108-2E70-DD51C9E4A26F}.Debug|Any CPU.ActiveCfg = Debug|x86
		{6C3B4EDC-2988-9108-2E70-DD51C9E4A26F}.Debug|x64.ActiveCfg = Debug|x86
		{6C3B4EDC-2988-9108-2E70-DD51C9E4A26F}.Debug|x86.ActiveCfg = Debug|x86
		{6C3B4EDC-2988-9108-2E70-DD51C9E4A26F}.Debug|x86.Build.0 = Debug|x86
		{6C3B4EDC-2988-9108-2E70-DD51C9E4A26F}.Release|Any CPU.ActiveCfg = Release|x86
		{6C3B4EDC-2988-9108-2E70-DD51C9E4A26F}.Release|x64.ActiveCfg = Release|x86
		{6C3B4EDC-2988-9108-2E70-DD51C9E4A26F}.Release|x86.ActiveCfg = Release|x86
		{6C3B4EDC-2988-9108-2E70-DD51C9E4A26F}.Release|x86.Build.0 = Release|x86
		{A34E13C1-CC55-E64A-365A-9F667EB449B2}.Debug|Any CPU.ActiveCfg = Debug|x64
		{A34E13C1-CC55-E64A-365A-9F667EB449B2}.Debug|x64.ActiveCfg = Debug|x64
		{A34E13C1-CC55-E64A-365A-9F667EB449B2}.Debug|x64.Build.0 = Debug|x64
		{A34E13C1-CC55-E64A-365A-9F667EB449B2}.Debug|x86.ActiveCfg = Debug|x64
		{A34E13C1-CC55-E64A-365A-9F667EB449B2}.Release|Any CPU.ActiveCfg = Release|x64
		{A34E13C1-CC55-E64A-365A-9F667EB449B2}.Release|x64.ActiveCfg = Release|x64
		{A34E13C1-CC55-E64A-365A-9F667EB449B2}.Release|x64.Build.0 = Release|x64
		{A34E13C1-CC55-E64A-365A-9F667EB449B2}.Release|x86.ActiveCfg = Release|x64
		{51496115-1E04-4F40-BF9B-F48CC65AD588}.Debug|Any CPU.ActiveCfg = Debug|x64
		{51496115-1E04-4F40-BF9B-F48CC65AD588}.Debug|x64.ActiveCfg = Debug|x64
		{51496115-1E04-4F40-BF9B-F48CC65AD588}.Debug|x64.Build.0 = Debug|x64
		{51496115-1E04-4F40-BF9B-F48CC65AD588}.Debug|x86.ActiveCfg = Debug|x64
		{51496115-1E04-4F40-BF9B-F48CC65AD588}.Release|Any CPU.ActiveCfg = Release|x64
		{51496115-1E04-4F40-BF9B-F48CC65AD588}.Release|x64.ActiveCfg = Release|x64
		{51496115-1E04-4F40-BF9B-F48CC65AD588}.Release|x64.Build.0 = Release|x64
		{51496115-1E04-4F40-BF9B-F48CC65AD588}.Release|x86.ActiveCfg = Release|x64
		{EC4E60EB-DB59-41FD-B92F-DA9313066CD4}.Debug|Any CPU.ActiveCfg = Debug|x86
		{EC4E60EB-DB59-41FD-B92F-DA9313066CD4}.Debug|x64.ActiveCfg = Debug|x86
		{EC4E60EB-DB59-41FD-B92F-DA9313066CD4}.Debug|x86.ActiveCfg = Debug|x86
		{EC4E60EB-DB59-41FD-B92F-DA9313066CD4}.Debug|x86.Build.0 = Debug|x86
		{EC4E60EB-DB59-41FD-B92F-DA9313066CD4}.Release|Any CPU.ActiveCfg = Release|x86
		{EC4E60EB-DB59-41FD-B92F-DA9313066CD4}.Release|x64.ActiveCfg = Release|x86
		{EC4E60EB-DB59-41FD-B92F-DA9313066CD4}.Release|x86.ActiveCfg = Release|x86
		{EC4E60EB-DB59-41FD-B92F-DA9313066CD4}.Release|x86.Build.0 = Release|x86
		{092236FA-D796-4D0F-9000-C0AB03398511}.Debug|Any CPU.ActiveCfg = Debug|x64
		{092236FA-D796-4D0F-9000-C0AB03398511}.Debug|x64.ActiveCfg = Debug|x64
		{092236FA-D796-4D0F-9000-C0AB03398511}.Debug|x64.Build.0 = Debug|x64
		{092236FA-D796-4D0F-9000-C0AB03398511}.Debug|x86.ActiveCfg = Debug|x64
		{092236FA-D796-4D0F-9000-C0AB03398511}.Release|Any CPU.ActiveCfg = Release|x64
		{092236FA-D796-4D0F-9000-C0AB03398511}.Release|x64.ActiveCfg = Release|x64
		{092236FA-D796-4D0F-9000-C0AB03398511}.Release|x64.Build.0 = Release|x64
		{092236FA-D796-4D0F-9000-C0AB03398511}.Release|x86.ActiveCfg = Release|x64
		{08198639-C570-4CCE-81BA-1EB4D9799E51}.Debug|Any CPU.ActiveCfg = Debug|x86
		{08198639-C570-4CCE-81BA-1EB4D9799E51}.Debug|x64.ActiveCfg = Debug|x86
		{08198639-C570-4CCE-81BA-1EB4D9799E51}.Debug|x86.ActiveCfg = Debug|x86
		{08198639-C570-4CCE-81BA-1EB4D9799E51}.Debug|x86.Build.0 = Debug|x86
		{08198639-C570-4CCE-81BA-1EB4D9799E51}.Release|Any CPU.ActiveCfg = Release|x86
		{08198639-C570-4CCE-81BA-1EB4D9799E51}.Release|x64.ActiveCfg = Release|x86
		{08198639-C570-4CCE-81BA-1EB4D9799E51}.Release|x86.ActiveCfg = Release|x86
		{08198639-C570-4CCE-81BA-1EB4D9799E51}.Release|x86.Build.0 = Release|x86
		{3F1DD993-1EA3-4697-AEAD-AF1B790B6417}.Debug|Any CPU.ActiveCfg = Debug|x64
		{3F1DD993-1EA3-4697-AEAD-AF1B790B6417}.Debug|x64.ActiveCfg = Debug|x64
		{3F1DD993-1EA3-4697-AEAD-AF1B790B6417}.Debug|x64.Build.0 = Debug|x64
		{3F1DD993-1EA3-4697-AEAD-AF1B790B6417}.Debug|x86.ActiveCfg = Debug|x64
		{3F1DD993-1EA3-4697-AEAD-AF1B790B6417}.Release|Any CPU.ActiveCfg = Release|x64
		{3F1DD993-1EA3-4697-AEAD-AF1B790B6417}.Release|x64.ActiveCfg = Release|x64
		{3F1DD993-1EA3-4697-AEAD-AF1B790B6417}.Release|x64.Build.0 = Release|x64
		{3F1DD993-1EA3-4697-AEAD-AF1B790B6417}.Release|x86.ActiveCfg = Release|x64
	EndGlobalSection
	GlobalSection(SolutionProperties) = preSolution
		HideSolutionNode = FALSE
	EndGlobalSection
	GlobalSection(ExtensibilityGlobals) = postSolution
		SolutionGuid = {92BA8A12-3E78-4B8E-9DF4-849696667B44}
	EndGlobalSection
EndGlobal
